// !$*UTF8*$!
{
	archiveVersion = 1;
	classes = {
	};
	objectVersion = 45;
	objects = {

/* Begin PBXBuildFile section */
		1713ECB014F96A5C0013C4F0 /* QKSelectQueryOrderByTests.m in Sources */ = {isa = PBXBuildFile; fileRef = 1713ECAF14F96A5C0013C4F0 /* QKSelectQueryOrderByTests.m */; };
		1713ECD814F970BB0013C4F0 /* QKSelectQueryGroupByTests.m in Sources */ = {isa = PBXBuildFile; fileRef = 1713ECD714F970BB0013C4F0 /* QKSelectQueryGroupByTests.m */; };
		1719E47D151E8CA7003F98C5 /* QKQueryUpdateParameter.h in Headers */ = {isa = PBXBuildFile; fileRef = 1719E47B151E8CA7003F98C5 /* QKQueryUpdateParameter.h */; settings = {ATTRIBUTES = (Public, ); }; };
		1719E47E151E8CA7003F98C5 /* QKQueryUpdateParameter.m in Sources */ = {isa = PBXBuildFile; fileRef = 1719E47C151E8CA7003F98C5 /* QKQueryUpdateParameter.m */; };
		1719E4BD151F51F1003F98C5 /* QKUpdateQueryTests.m in Sources */ = {isa = PBXBuildFile; fileRef = 1719E4BA151F51EA003F98C5 /* QKUpdateQueryTests.m */; };
		17E5951F14F301DF0054EE08 /* QKQuery.h in Headers */ = {isa = PBXBuildFile; fileRef = 17E5951614F301DF0054EE08 /* QKQuery.h */; settings = {ATTRIBUTES = (Public, ); }; };
		17E5952014F301DF0054EE08 /* QKQuery.m in Sources */ = {isa = PBXBuildFile; fileRef = 17E5951714F301DF0054EE08 /* QKQuery.m */; };
		17E5952114F301DF0054EE08 /* QKQueryOperators.h in Headers */ = {isa = PBXBuildFile; fileRef = 17E5951814F301DF0054EE08 /* QKQueryOperators.h */; settings = {ATTRIBUTES = (Public, ); }; };
		17E5952214F301DF0054EE08 /* QKQueryParameter.h in Headers */ = {isa = PBXBuildFile; fileRef = 17E5951914F301DF0054EE08 /* QKQueryParameter.h */; settings = {ATTRIBUTES = (Public, ); }; };
		17E5952314F301DF0054EE08 /* QKQueryParameter.m in Sources */ = {isa = PBXBuildFile; fileRef = 17E5951A14F301DF0054EE08 /* QKQueryParameter.m */; };
		17E5952414F301DF0054EE08 /* QKQueryTypes.h in Headers */ = {isa = PBXBuildFile; fileRef = 17E5951B14F301DF0054EE08 /* QKQueryTypes.h */; settings = {ATTRIBUTES = (Public, ); }; };
		17E5952514F301DF0054EE08 /* QKQueryUtilities.h in Headers */ = {isa = PBXBuildFile; fileRef = 17E5951C14F301DF0054EE08 /* QKQueryUtilities.h */; settings = {ATTRIBUTES = (Public, ); }; };
		17E5952614F301DF0054EE08 /* QKQueryUtilities.m in Sources */ = {isa = PBXBuildFile; fileRef = 17E5951D14F301DF0054EE08 /* QKQueryUtilities.m */; };
		17E5952714F301DF0054EE08 /* QueryKit.h in Headers */ = {isa = PBXBuildFile; fileRef = 17E5951E14F301DF0054EE08 /* QueryKit.h */; settings = {ATTRIBUTES = (Public, ); }; };
		17E595F214F3058F0054EE08 /* Foundation.framework in Frameworks */ = {isa = PBXBuildFile; fileRef = 17E595F114F3058F0054EE08 /* Foundation.framework */; };
		17E596A814F308160054EE08 /* QKSelectQueryTests.m in Sources */ = {isa = PBXBuildFile; fileRef = 17E5969814F307B70054EE08 /* QKSelectQueryTests.m */; };
		17E596A914F308250054EE08 /* Foundation.framework in Frameworks */ = {isa = PBXBuildFile; fileRef = 17E595F114F3058F0054EE08 /* Foundation.framework */; };
		17F620BE14F961C1003E7290 /* QueryKit.framework in Frameworks */ = {isa = PBXBuildFile; fileRef = 8DC2EF5B0486A6940098B216 /* QueryKit.framework */; };
/* End PBXBuildFile section */

/* Begin PBXContainerItemProxy section */
		17E596BE14F916B40054EE08 /* PBXContainerItemProxy */ = {
			isa = PBXContainerItemProxy;
			containerPortal = 0867D690FE84028FC02AAC07 /* Project object */;
			proxyType = 1;
			remoteGlobalIDString = 8DC2EF4F0486A6940098B216;
			remoteInfo = QueryKit;
		};
/* End PBXContainerItemProxy section */

/* Begin PBXFileReference section */
		1713ECAE14F96A5C0013C4F0 /* QKSelectQueryOrderByTests.h */ = {isa = PBXFileReference; fileEncoding = 4; lastKnownFileType = sourcecode.c.h; path = QKSelectQueryOrderByTests.h; sourceTree = "<group>"; };
		1713ECAF14F96A5C0013C4F0 /* QKSelectQueryOrderByTests.m */ = {isa = PBXFileReference; fileEncoding = 4; lastKnownFileType = sourcecode.c.objc; path = QKSelectQueryOrderByTests.m; sourceTree = "<group>"; };
		1713ECD614F970BB0013C4F0 /* QKSelectQueryGroupByTests.h */ = {isa = PBXFileReference; fileEncoding = 4; lastKnownFileType = sourcecode.c.h; path = QKSelectQueryGroupByTests.h; sourceTree = "<group>"; };
		1713ECD714F970BB0013C4F0 /* QKSelectQueryGroupByTests.m */ = {isa = PBXFileReference; fileEncoding = 4; lastKnownFileType = sourcecode.c.objc; path = QKSelectQueryGroupByTests.m; sourceTree = "<group>"; };
		1719E47B151E8CA7003F98C5 /* QKQueryUpdateParameter.h */ = {isa = PBXFileReference; fileEncoding = 4; lastKnownFileType = sourcecode.c.h; path = QKQueryUpdateParameter.h; sourceTree = "<group>"; };
		1719E47C151E8CA7003F98C5 /* QKQueryUpdateParameter.m */ = {isa = PBXFileReference; fileEncoding = 4; lastKnownFileType = sourcecode.c.objc; path = QKQueryUpdateParameter.m; sourceTree = "<group>"; };
		1719E4B9151F51EA003F98C5 /* QKUpdateQueryTests.h */ = {isa = PBXFileReference; fileEncoding = 4; lastKnownFileType = sourcecode.c.h; path = QKUpdateQueryTests.h; sourceTree = "<group>"; };
		1719E4BA151F51EA003F98C5 /* QKUpdateQueryTests.m */ = {isa = PBXFileReference; fileEncoding = 4; lastKnownFileType = sourcecode.c.objc; path = QKUpdateQueryTests.m; sourceTree = "<group>"; };
		17E5951614F301DF0054EE08 /* QKQuery.h */ = {isa = PBXFileReference; fileEncoding = 4; lastKnownFileType = sourcecode.c.h; path = QKQuery.h; sourceTree = "<group>"; };
		17E5951714F301DF0054EE08 /* QKQuery.m */ = {isa = PBXFileReference; fileEncoding = 4; lastKnownFileType = sourcecode.c.objc; path = QKQuery.m; sourceTree = "<group>"; };
		17E5951814F301DF0054EE08 /* QKQueryOperators.h */ = {isa = PBXFileReference; fileEncoding = 4; lastKnownFileType = sourcecode.c.h; path = QKQueryOperators.h; sourceTree = "<group>"; };
		17E5951914F301DF0054EE08 /* QKQueryParameter.h */ = {isa = PBXFileReference; fileEncoding = 4; lastKnownFileType = sourcecode.c.h; path = QKQueryParameter.h; sourceTree = "<group>"; };
		17E5951A14F301DF0054EE08 /* QKQueryParameter.m */ = {isa = PBXFileReference; fileEncoding = 4; lastKnownFileType = sourcecode.c.objc; path = QKQueryParameter.m; sourceTree = "<group>"; };
		17E5951B14F301DF0054EE08 /* QKQueryTypes.h */ = {isa = PBXFileReference; fileEncoding = 4; lastKnownFileType = sourcecode.c.h; path = QKQueryTypes.h; sourceTree = "<group>"; };
		17E5951C14F301DF0054EE08 /* QKQueryUtilities.h */ = {isa = PBXFileReference; fileEncoding = 4; lastKnownFileType = sourcecode.c.h; path = QKQueryUtilities.h; sourceTree = "<group>"; };
		17E5951D14F301DF0054EE08 /* QKQueryUtilities.m */ = {isa = PBXFileReference; fileEncoding = 4; lastKnownFileType = sourcecode.c.objc; path = QKQueryUtilities.m; sourceTree = "<group>"; };
		17E5951E14F301DF0054EE08 /* QueryKit.h */ = {isa = PBXFileReference; fileEncoding = 4; lastKnownFileType = sourcecode.c.h; path = QueryKit.h; sourceTree = "<group>"; };
		17E595F114F3058F0054EE08 /* Foundation.framework */ = {isa = PBXFileReference; lastKnownFileType = wrapper.framework; name = Foundation.framework; path = System/Library/Frameworks/Foundation.framework; sourceTree = SDKROOT; };
		17E5969714F307B70054EE08 /* QKSelectQueryTests.h */ = {isa = PBXFileReference; fileEncoding = 4; lastKnownFileType = sourcecode.c.h; path = QKSelectQueryTests.h; sourceTree = "<group>"; };
		17E5969814F307B70054EE08 /* QKSelectQueryTests.m */ = {isa = PBXFileReference; fileEncoding = 4; lastKnownFileType = sourcecode.c.objc; path = QKSelectQueryTests.m; sourceTree = "<group>"; };
		17E5969E14F307CE0054EE08 /* Tests.octest */ = {isa = PBXFileReference; explicitFileType = wrapper.cfbundle; includeInIndex = 0; path = Tests.octest; sourceTree = BUILT_PRODUCTS_DIR; };
		17E5969F14F307CE0054EE08 /* Tests-Info.plist */ = {isa = PBXFileReference; lastKnownFileType = text.plist.xml; name = "Tests-Info.plist"; path = "Resources/Tests-Info.plist"; sourceTree = "<group>"; };
		32DBCF5E0370ADEE00C91783 /* QueryKit-Prefix.pch */ = {isa = PBXFileReference; fileEncoding = 4; lastKnownFileType = sourcecode.c.h; name = "QueryKit-Prefix.pch"; path = "Source/QueryKit-Prefix.pch"; sourceTree = "<group>"; };
		8DC2EF5A0486A6940098B216 /* Info.plist */ = {isa = PBXFileReference; fileEncoding = 4; lastKnownFileType = text.plist.xml; name = Info.plist; path = Resources/Info.plist; sourceTree = "<group>"; };
		8DC2EF5B0486A6940098B216 /* QueryKit.framework */ = {isa = PBXFileReference; explicitFileType = wrapper.framework; includeInIndex = 0; path = QueryKit.framework; sourceTree = BUILT_PRODUCTS_DIR; };
/* End PBXFileReference section */

/* Begin PBXFrameworksBuildPhase section */
		17E5969B14F307CE0054EE08 /* Frameworks */ = {
			isa = PBXFrameworksBuildPhase;
			buildActionMask = 2147483647;
			files = (
				17E596A914F308250054EE08 /* Foundation.framework in Frameworks */,
				17F620BE14F961C1003E7290 /* QueryKit.framework in Frameworks */,
			);
			runOnlyForDeploymentPostprocessing = 0;
		};
		8DC2EF560486A6940098B216 /* Frameworks */ = {
			isa = PBXFrameworksBuildPhase;
			buildActionMask = 2147483647;
			files = (
				17E595F214F3058F0054EE08 /* Foundation.framework in Frameworks */,
			);
			runOnlyForDeploymentPostprocessing = 0;
		};
/* End PBXFrameworksBuildPhase section */

/* Begin PBXGroup section */
		034768DFFF38A50411DB9C8B /* Products */ = {
			isa = PBXGroup;
			children = (
				8DC2EF5B0486A6940098B216 /* QueryKit.framework */,
				17E5969E14F307CE0054EE08 /* Tests.octest */,
			);
			name = Products;
			sourceTree = "<group>";
		};
		0867D691FE84028FC02AAC07 /* QueryKit */ = {
			isa = PBXGroup;
			children = (
				32DBCF5E0370ADEE00C91783 /* QueryKit-Prefix.pch */,
				08FB77AEFE84172EC02AAC07 /* Source */,
				17E5969614F3079E0054EE08 /* Tests */,
				089C1665FE841158C02AAC07 /* Resources */,
				0867D69AFE84028FC02AAC07 /* Frameworks */,
				034768DFFF38A50411DB9C8B /* Products */,
			);
			name = QueryKit;
			sourceTree = "<group>";
		};
		0867D69AFE84028FC02AAC07 /* Frameworks */ = {
			isa = PBXGroup;
			children = (
				17E595F114F3058F0054EE08 /* Foundation.framework */,
			);
			name = Frameworks;
			sourceTree = "<group>";
		};
		089C1665FE841158C02AAC07 /* Resources */ = {
			isa = PBXGroup;
			children = (
				8DC2EF5A0486A6940098B216 /* Info.plist */,
				17E5969F14F307CE0054EE08 /* Tests-Info.plist */,
			);
			name = Resources;
			sourceTree = "<group>";
		};
		08FB77AEFE84172EC02AAC07 /* Source */ = {
			isa = PBXGroup;
			children = (
				17E5951E14F301DF0054EE08 /* QueryKit.h */,
				17E5951614F301DF0054EE08 /* QKQuery.h */,
				17E5951714F301DF0054EE08 /* QKQuery.m */,
				17E5951C14F301DF0054EE08 /* QKQueryUtilities.h */,
				17E5951D14F301DF0054EE08 /* QKQueryUtilities.m */,
				1719E47A151E8C87003F98C5 /* Model */,
				17E5952814F301F40054EE08 /* Constants */,
			);
			path = Source;
			sourceTree = "<group>";
		};
		1719E47A151E8C87003F98C5 /* Model */ = {
			isa = PBXGroup;
			children = (
				17E5951914F301DF0054EE08 /* QKQueryParameter.h */,
				17E5951A14F301DF0054EE08 /* QKQueryParameter.m */,
				1719E47B151E8CA7003F98C5 /* QKQueryUpdateParameter.h */,
				1719E47C151E8CA7003F98C5 /* QKQueryUpdateParameter.m */,
			);
			name = Model;
			sourceTree = "<group>";
		};
		17322A7214FA645300F0CF9B /* SELECT Tests */ = {
			isa = PBXGroup;
			children = (
				17E5969714F307B70054EE08 /* QKSelectQueryTests.h */,
				17E5969814F307B70054EE08 /* QKSelectQueryTests.m */,
				1713ECAE14F96A5C0013C4F0 /* QKSelectQueryOrderByTests.h */,
				1713ECAF14F96A5C0013C4F0 /* QKSelectQueryOrderByTests.m */,
				1713ECD614F970BB0013C4F0 /* QKSelectQueryGroupByTests.h */,
				1713ECD714F970BB0013C4F0 /* QKSelectQueryGroupByTests.m */,
			);
			name = "SELECT Tests";
			sourceTree = "<group>";
		};
		17322A7414FA646000F0CF9B /* UPDATE Tests */ = {
			isa = PBXGroup;
			children = (
				1719E4B9151F51EA003F98C5 /* QKUpdateQueryTests.h */,
				1719E4BA151F51EA003F98C5 /* QKUpdateQueryTests.m */,
			);
			name = "UPDATE Tests";
			sourceTree = "<group>";
		};
		17322A7514FA647200F0CF9B /* DELETE Tests */ = {
			isa = PBXGroup;
			children = (
			);
			name = "DELETE Tests";
			sourceTree = "<group>";
		};
		17322A7614FA648100F0CF9B /* INSERT Tests */ = {
			isa = PBXGroup;
			children = (
			);
			name = "INSERT Tests";
			sourceTree = "<group>";
		};
		17E5952814F301F40054EE08 /* Constants */ = {
			isa = PBXGroup;
			children = (
				17E5951B14F301DF0054EE08 /* QKQueryTypes.h */,
				17E5951814F301DF0054EE08 /* QKQueryOperators.h */,
			);
			name = Constants;
			sourceTree = "<group>";
		};
		17E5969614F3079E0054EE08 /* Tests */ = {
			isa = PBXGroup;
			children = (
				17322A7614FA648100F0CF9B /* INSERT Tests */,
				17322A7514FA647200F0CF9B /* DELETE Tests */,
				17322A7414FA646000F0CF9B /* UPDATE Tests */,
				17322A7214FA645300F0CF9B /* SELECT Tests */,
			);
			path = Tests;
			sourceTree = "<group>";
		};
/* End PBXGroup section */

/* Begin PBXHeadersBuildPhase section */
		8DC2EF500486A6940098B216 /* Headers */ = {
			isa = PBXHeadersBuildPhase;
			buildActionMask = 2147483647;
			files = (
				17E5951F14F301DF0054EE08 /* QKQuery.h in Headers */,
				17E5952114F301DF0054EE08 /* QKQueryOperators.h in Headers */,
				17E5952214F301DF0054EE08 /* QKQueryParameter.h in Headers */,
				17E5952414F301DF0054EE08 /* QKQueryTypes.h in Headers */,
				17E5952514F301DF0054EE08 /* QKQueryUtilities.h in Headers */,
				17E5952714F301DF0054EE08 /* QueryKit.h in Headers */,
				1719E47D151E8CA7003F98C5 /* QKQueryUpdateParameter.h in Headers */,
			);
			runOnlyForDeploymentPostprocessing = 0;
		};
/* End PBXHeadersBuildPhase section */

/* Begin PBXNativeTarget section */
		17E5969D14F307CE0054EE08 /* Tests */ = {
			isa = PBXNativeTarget;
			buildConfigurationList = 17E596A614F307CE0054EE08 /* Build configuration list for PBXNativeTarget "Tests" */;
			buildPhases = (
				17E5969914F307CE0054EE08 /* Resources */,
				17E5969A14F307CE0054EE08 /* Sources */,
				17E5969B14F307CE0054EE08 /* Frameworks */,
				17E5969C14F307CE0054EE08 /* ShellScript */,
			);
			buildRules = (
			);
			dependencies = (
				17E596BF14F916B40054EE08 /* PBXTargetDependency */,
			);
			name = Tests;
			productName = Tests;
			productReference = 17E5969E14F307CE0054EE08 /* Tests.octest */;
			productType = "com.apple.product-type.bundle";
		};
		8DC2EF4F0486A6940098B216 /* QueryKit */ = {
			isa = PBXNativeTarget;
			buildConfigurationList = 1DEB91AD08733DA50010E9CD /* Build configuration list for PBXNativeTarget "QueryKit" */;
			buildPhases = (
				8DC2EF500486A6940098B216 /* Headers */,
				8DC2EF520486A6940098B216 /* Resources */,
				8DC2EF540486A6940098B216 /* Sources */,
				8DC2EF560486A6940098B216 /* Frameworks */,
			);
			buildRules = (
			);
			dependencies = (
			);
			name = QueryKit;
			productInstallPath = "$(HOME)/Library/Frameworks";
			productName = QueryKit;
			productReference = 8DC2EF5B0486A6940098B216 /* QueryKit.framework */;
			productType = "com.apple.product-type.framework";
		};
/* End PBXNativeTarget section */

/* Begin PBXProject section */
		0867D690FE84028FC02AAC07 /* Project object */ = {
			isa = PBXProject;
			buildConfigurationList = 1DEB91B108733DA50010E9CD /* Build configuration list for PBXProject "QueryKit" */;
			compatibilityVersion = "Xcode 3.1";
			developmentRegion = English;
			hasScannedForEncodings = 1;
			knownRegions = (
				English,
				Japanese,
				French,
				German,
			);
			mainGroup = 0867D691FE84028FC02AAC07 /* QueryKit */;
			productRefGroup = 034768DFFF38A50411DB9C8B /* Products */;
			projectDirPath = "";
			projectRoot = "";
			targets = (
				8DC2EF4F0486A6940098B216 /* QueryKit */,
				17E5969D14F307CE0054EE08 /* Tests */,
			);
		};
/* End PBXProject section */

/* Begin PBXResourcesBuildPhase section */
		17E5969914F307CE0054EE08 /* Resources */ = {
			isa = PBXResourcesBuildPhase;
			buildActionMask = 2147483647;
			files = (
			);
			runOnlyForDeploymentPostprocessing = 0;
		};
		8DC2EF520486A6940098B216 /* Resources */ = {
			isa = PBXResourcesBuildPhase;
			buildActionMask = 2147483647;
			files = (
			);
			runOnlyForDeploymentPostprocessing = 0;
		};
/* End PBXResourcesBuildPhase section */

/* Begin PBXShellScriptBuildPhase section */
		17E5969C14F307CE0054EE08 /* ShellScript */ = {
			isa = PBXShellScriptBuildPhase;
			buildActionMask = 2147483647;
			files = (
			);
			inputPaths = (
			);
			outputPaths = (
			);
			runOnlyForDeploymentPostprocessing = 0;
			shellPath = /bin/sh;
			shellScript = "# Run the unit tests in this test bundle.\n\"${SYSTEM_DEVELOPER_DIR}/Tools/RunUnitTests\"\n";
		};
/* End PBXShellScriptBuildPhase section */

/* Begin PBXSourcesBuildPhase section */
		17E5969A14F307CE0054EE08 /* Sources */ = {
			isa = PBXSourcesBuildPhase;
			buildActionMask = 2147483647;
			files = (
				17E596A814F308160054EE08 /* QKSelectQueryTests.m in Sources */,
				1713ECB014F96A5C0013C4F0 /* QKSelectQueryOrderByTests.m in Sources */,
				1713ECD814F970BB0013C4F0 /* QKSelectQueryGroupByTests.m in Sources */,
				1719E4BD151F51F1003F98C5 /* QKUpdateQueryTests.m in Sources */,
			);
			runOnlyForDeploymentPostprocessing = 0;
		};
		8DC2EF540486A6940098B216 /* Sources */ = {
			isa = PBXSourcesBuildPhase;
			buildActionMask = 2147483647;
			files = (
				17E5952014F301DF0054EE08 /* QKQuery.m in Sources */,
				17E5952314F301DF0054EE08 /* QKQueryParameter.m in Sources */,
				17E5952614F301DF0054EE08 /* QKQueryUtilities.m in Sources */,
				1719E47E151E8CA7003F98C5 /* QKQueryUpdateParameter.m in Sources */,
			);
			runOnlyForDeploymentPostprocessing = 0;
		};
/* End PBXSourcesBuildPhase section */

/* Begin PBXTargetDependency section */
		17E596BF14F916B40054EE08 /* PBXTargetDependency */ = {
			isa = PBXTargetDependency;
			target = 8DC2EF4F0486A6940098B216 /* QueryKit */;
			targetProxy = 17E596BE14F916B40054EE08 /* PBXContainerItemProxy */;
		};
/* End PBXTargetDependency section */

/* Begin XCBuildConfiguration section */
		17E5952D14F302740054EE08 /* Distribution */ = {
			isa = XCBuildConfiguration;
			buildSettings = {
				ARCHS = (
					i386,
					ppc,
					x86_64,
				);
				GCC_C_LANGUAGE_STANDARD = gnu99;
				GCC_PRECOMPILE_PREFIX_HEADER = YES;
				GCC_PREFIX_HEADER = "Source/QueryKit-Prefix.pch";
				GCC_VERSION = com.apple.compilers.llvm.clang.1_0;
				GCC_WARN_ABOUT_RETURN_TYPE = YES;
				GCC_WARN_UNUSED_VARIABLE = YES;
				INFOPLIST_FILE = Resources/Info.plist;
				INFOPLIST_PREFIX_HEADER = "";
				PREBINDING = NO;
				SDKROOT = macosx10.5;
				VALID_ARCHS = "i386 ppc x86_64";
			};
			name = Distribution;
		};
		17E5952E14F302740054EE08 /* Distribution */ = {
			isa = XCBuildConfiguration;
			buildSettings = {
				ALWAYS_SEARCH_USER_PATHS = NO;
				DEBUG_INFORMATION_FORMAT = "dwarf-with-dsym";
				FRAMEWORK_VERSION = A;
				GCC_GENERATE_DEBUGGING_SYMBOLS = NO;
				GCC_MODEL_TUNING = G5;
				GCC_PRECOMPILE_PREFIX_HEADER = YES;
				GCC_PREFIX_HEADER = "Source/QueryKit-Prefix.pch";
				GCC_TREAT_IMPLICIT_FUNCTION_DECLARATIONS_AS_ERRORS = YES;
				GCC_WARN_64_TO_32_BIT_CONVERSION = YES;
				GCC_WARN_ABOUT_INVALID_OFFSETOF_MACRO = YES;
				GCC_WARN_ABOUT_MISSING_FIELD_INITIALIZERS = YES;
				GCC_WARN_ABOUT_MISSING_NEWLINE = YES;
				GCC_WARN_ABOUT_MISSING_PROTOTYPES = YES;
				GCC_WARN_CHECK_SWITCH_STATEMENTS = YES;
				GCC_WARN_FOUR_CHARACTER_CONSTANTS = YES;
				GCC_WARN_INITIALIZER_NOT_FULLY_BRACKETED = YES;
				GCC_WARN_MISSING_PARENTHESES = YES;
				GCC_WARN_MULTIPLE_DEFINITION_TYPES_FOR_SELECTOR = YES;
				GCC_WARN_NON_VIRTUAL_DESTRUCTOR = YES;
				GCC_WARN_PROTOTYPE_CONVERSION = YES;
				GCC_WARN_SHADOW = YES;
				GCC_WARN_SIGN_COMPARE = YES;
				GCC_WARN_UNDECLARED_SELECTOR = YES;
				GCC_WARN_UNINITIALIZED_AUTOS = YES;
				GCC_WARN_UNKNOWN_PRAGMAS = YES;
				GCC_WARN_UNUSED_FUNCTION = YES;
				GCC_WARN_UNUSED_LABEL = YES;
				GCC_WARN_UNUSED_VALUE = YES;
				INFOPLIST_FILE = Resources/Info.plist;
				INSTALL_PATH = "@executable_path/../Frameworks";
				PRODUCT_NAME = QueryKit;
				WRAPPER_EXTENSION = framework;
			};
			name = Distribution;
		};
		17E596A314F307CE0054EE08 /* Debug */ = {
			isa = XCBuildConfiguration;
			buildSettings = {
				ALWAYS_SEARCH_USER_PATHS = NO;
				COPY_PHASE_STRIP = NO;
				FRAMEWORK_SEARCH_PATHS = "$(DEVELOPER_LIBRARY_DIR)/Frameworks";
				GCC_DYNAMIC_NO_PIC = NO;
				GCC_ENABLE_FIX_AND_CONTINUE = NO;
				GCC_ENABLE_OBJC_EXCEPTIONS = YES;
				GCC_MODEL_TUNING = G5;
				GCC_OPTIMIZATION_LEVEL = 0;
				GCC_PRECOMPILE_PREFIX_HEADER = YES;
				GCC_PREFIX_HEADER = "$(SYSTEM_LIBRARY_DIR)/Frameworks/Cocoa.framework/Headers/Cocoa.h";
				INFOPLIST_FILE = "Resources/Tests-Info.plist";
				INSTALL_PATH = "$(USER_LIBRARY_DIR)/Bundles";
				OTHER_LDFLAGS = (
					"-framework",
					Cocoa,
					"-framework",
					SenTestingKit,
				);
				PREBINDING = NO;
				PRODUCT_NAME = Tests;
				WRAPPER_EXTENSION = octest;
			};
			name = Debug;
		};
		17E596A414F307CE0054EE08 /* Release */ = {
			isa = XCBuildConfiguration;
			buildSettings = {
				ALWAYS_SEARCH_USER_PATHS = NO;
				COPY_PHASE_STRIP = YES;
				DEBUG_INFORMATION_FORMAT = "dwarf-with-dsym";
				FRAMEWORK_SEARCH_PATHS = "$(DEVELOPER_LIBRARY_DIR)/Frameworks";
				GCC_ENABLE_FIX_AND_CONTINUE = NO;
				GCC_ENABLE_OBJC_EXCEPTIONS = YES;
				GCC_MODEL_TUNING = G5;
				GCC_PRECOMPILE_PREFIX_HEADER = YES;
				GCC_PREFIX_HEADER = "$(SYSTEM_LIBRARY_DIR)/Frameworks/Cocoa.framework/Headers/Cocoa.h";
				INFOPLIST_FILE = "Resources/Tests-Info.plist";
				INSTALL_PATH = "$(USER_LIBRARY_DIR)/Bundles";
				OTHER_LDFLAGS = (
					"-framework",
					Cocoa,
					"-framework",
					SenTestingKit,
				);
				PREBINDING = NO;
				PRODUCT_NAME = Tests;
				WRAPPER_EXTENSION = octest;
				ZERO_LINK = NO;
			};
			name = Release;
		};
		17E596A514F307CE0054EE08 /* Distribution */ = {
			isa = XCBuildConfiguration;
			buildSettings = {
				ALWAYS_SEARCH_USER_PATHS = NO;
				FRAMEWORK_SEARCH_PATHS = "$(DEVELOPER_LIBRARY_DIR)/Frameworks";
				GCC_ENABLE_FIX_AND_CONTINUE = NO;
				GCC_ENABLE_OBJC_EXCEPTIONS = YES;
				GCC_MODEL_TUNING = G5;
				GCC_PRECOMPILE_PREFIX_HEADER = YES;
				GCC_PREFIX_HEADER = "$(SYSTEM_LIBRARY_DIR)/Frameworks/Cocoa.framework/Headers/Cocoa.h";
				INFOPLIST_FILE = "Resources/Tests-Info.plist";
				INSTALL_PATH = "$(USER_LIBRARY_DIR)/Bundles";
				OTHER_LDFLAGS = (
					"-framework",
					Cocoa,
					"-framework",
					SenTestingKit,
				);
				PREBINDING = NO;
				PRODUCT_NAME = Tests;
				WRAPPER_EXTENSION = octest;
			};
			name = Distribution;
		};
		1DEB91AE08733DA50010E9CD /* Debug */ = {
			isa = XCBuildConfiguration;
			buildSettings = {
				ALWAYS_SEARCH_USER_PATHS = NO;
				COPY_PHASE_STRIP = NO;
				DYLIB_COMPATIBILITY_VERSION = 1;
				DYLIB_CURRENT_VERSION = 1;
				FRAMEWORK_VERSION = A;
				GCC_DYNAMIC_NO_PIC = NO;
				GCC_ENABLE_FIX_AND_CONTINUE = YES;
				GCC_MODEL_TUNING = G5;
				GCC_OPTIMIZATION_LEVEL = 0;
				GCC_PRECOMPILE_PREFIX_HEADER = YES;
				GCC_PREFIX_HEADER = "Source/QueryKit-Prefix.pch";
				GCC_SYMBOLS_PRIVATE_EXTERN = YES;
				GCC_TREAT_IMPLICIT_FUNCTION_DECLARATIONS_AS_ERRORS = YES;
				GCC_WARN_64_TO_32_BIT_CONVERSION = YES;
				GCC_WARN_ABOUT_INVALID_OFFSETOF_MACRO = YES;
				GCC_WARN_ABOUT_MISSING_FIELD_INITIALIZERS = YES;
				GCC_WARN_ABOUT_MISSING_NEWLINE = YES;
				GCC_WARN_ABOUT_MISSING_PROTOTYPES = YES;
				GCC_WARN_CHECK_SWITCH_STATEMENTS = YES;
				GCC_WARN_FOUR_CHARACTER_CONSTANTS = YES;
				GCC_WARN_INITIALIZER_NOT_FULLY_BRACKETED = YES;
				GCC_WARN_MISSING_PARENTHESES = YES;
				GCC_WARN_MULTIPLE_DEFINITION_TYPES_FOR_SELECTOR = YES;
				GCC_WARN_NON_VIRTUAL_DESTRUCTOR = YES;
				GCC_WARN_PROTOTYPE_CONVERSION = YES;
				GCC_WARN_SHADOW = YES;
				GCC_WARN_SIGN_COMPARE = YES;
				GCC_WARN_UNDECLARED_SELECTOR = YES;
				GCC_WARN_UNINITIALIZED_AUTOS = YES;
				GCC_WARN_UNKNOWN_PRAGMAS = YES;
				GCC_WARN_UNUSED_FUNCTION = YES;
				GCC_WARN_UNUSED_LABEL = YES;
				GCC_WARN_UNUSED_VALUE = YES;
				GENERATE_PKGINFO_FILE = YES;
				INFOPLIST_FILE = Resources/Info.plist;
				INSTALL_PATH = "@executable_path/../Frameworks";
				PRODUCT_NAME = QueryKit;
				WARNING_CFLAGS = "-Wmost";
				WRAPPER_EXTENSION = framework;
			};
			name = Debug;
		};
		1DEB91AF08733DA50010E9CD /* Release */ = {
			isa = XCBuildConfiguration;
			buildSettings = {
				ALWAYS_SEARCH_USER_PATHS = NO;
				DEBUG_INFORMATION_FORMAT = "dwarf-with-dsym";
				FRAMEWORK_VERSION = A;
				GCC_GENERATE_DEBUGGING_SYMBOLS = NO;
				GCC_MODEL_TUNING = G5;
				GCC_PRECOMPILE_PREFIX_HEADER = YES;
				GCC_PREFIX_HEADER = "Source/QueryKit-Prefix.pch";
				GCC_SYMBOLS_PRIVATE_EXTERN = YES;
				GCC_TREAT_IMPLICIT_FUNCTION_DECLARATIONS_AS_ERRORS = YES;
				GCC_WARN_64_TO_32_BIT_CONVERSION = YES;
				GCC_WARN_ABOUT_INVALID_OFFSETOF_MACRO = YES;
				GCC_WARN_ABOUT_MISSING_FIELD_INITIALIZERS = YES;
				GCC_WARN_ABOUT_MISSING_NEWLINE = YES;
				GCC_WARN_ABOUT_MISSING_PROTOTYPES = YES;
				GCC_WARN_CHECK_SWITCH_STATEMENTS = YES;
				GCC_WARN_FOUR_CHARACTER_CONSTANTS = YES;
				GCC_WARN_INITIALIZER_NOT_FULLY_BRACKETED = YES;
				GCC_WARN_MISSING_PARENTHESES = YES;
				GCC_WARN_MULTIPLE_DEFINITION_TYPES_FOR_SELECTOR = YES;
				GCC_WARN_NON_VIRTUAL_DESTRUCTOR = YES;
				GCC_WARN_PROTOTYPE_CONVERSION = YES;
				GCC_WARN_SHADOW = YES;
				GCC_WARN_SIGN_COMPARE = YES;
				GCC_WARN_UNDECLARED_SELECTOR = YES;
				GCC_WARN_UNINITIALIZED_AUTOS = YES;
				GCC_WARN_UNKNOWN_PRAGMAS = YES;
				GCC_WARN_UNUSED_FUNCTION = YES;
				GCC_WARN_UNUSED_LABEL = YES;
				GCC_WARN_UNUSED_VALUE = YES;
				INFOPLIST_FILE = Resources/Info.plist;
				INSTALL_PATH = "@executable_path/../Frameworks";
				PRODUCT_NAME = QueryKit;
				WRAPPER_EXTENSION = framework;
			};
			name = Release;
		};
		1DEB91B208733DA50010E9CD /* Debug */ = {
			isa = XCBuildConfiguration;
			buildSettings = {
				ARCHS = (
					i386,
					ppc,
					x86_64,
				);
				GCC_C_LANGUAGE_STANDARD = gnu99;
				GCC_OPTIMIZATION_LEVEL = 0;
				GCC_PRECOMPILE_PREFIX_HEADER = YES;
				GCC_PREFIX_HEADER = "Source/QueryKit-Prefix.pch";
				GCC_VERSION = com.apple.compilers.llvm.clang.1_0;
				GCC_WARN_ABOUT_RETURN_TYPE = YES;
				GCC_WARN_UNUSED_VARIABLE = YES;
				INFOPLIST_FILE = Resources/Info.plist;
				INFOPLIST_PREFIX_HEADER = "";
				ONLY_ACTIVE_ARCH = YES;
				PREBINDING = NO;
				SDKROOT = macosx10.5;
				VALID_ARCHS = "i386 ppc x86_64";
			};
			name = Debug;
		};
		1DEB91B308733DA50010E9CD /* Release */ = {
			isa = XCBuildConfiguration;
			buildSettings = {
				ARCHS = (
					i386,
					ppc,
					x86_64,
				);
				GCC_C_LANGUAGE_STANDARD = gnu99;
				GCC_PRECOMPILE_PREFIX_HEADER = YES;
				GCC_PREFIX_HEADER = "Source/QueryKit-Prefix.pch";
				GCC_VERSION = com.apple.compilers.llvm.clang.1_0;
				GCC_WARN_ABOUT_RETURN_TYPE = YES;
				GCC_WARN_UNUSED_VARIABLE = YES;
				INFOPLIST_FILE = Resources/Info.plist;
				INFOPLIST_PREFIX_HEADER = "";
				PREBINDING = NO;
				SDKROOT = macosx10.5;
				VALID_ARCHS = "i386 ppc x86_64";
			};
			name = Release;
		};
/* End XCBuildConfiguration section */

/* Begin XCConfigurationList section */
		17E596A614F307CE0054EE08 /* Build configuration list for PBXNativeTarget "Tests" */ = {
			isa = XCConfigurationList;
			buildConfigurations = (
				17E596A314F307CE0054EE08 /* Debug */,
				17E596A414F307CE0054EE08 /* Release */,
				17E596A514F307CE0054EE08 /* Distribution */,
			);
			defaultConfigurationIsVisible = 0;
			defaultConfigurationName = Release;
		};
		1DEB91AD08733DA50010E9CD /* Build configuration list for PBXNativeTarget "QueryKit" */ = {
			isa = XCConfigurationList;
			buildConfigurations = (
				1DEB91AE08733DA50010E9CD /* Debug */,
				1DEB91AF08733DA50010E9CD /* Release */,
				17E5952E14F302740054EE08 /* Distribution */,
			);
			defaultConfigurationIsVisible = 0;
			defaultConfigurationName = Release;
		};
		1DEB91B108733DA50010E9CD /* Build configuration list for PBXProject "QueryKit" */ = {
			isa = XCConfigurationList;
			buildConfigurations = (
				1DEB91B208733DA50010E9CD /* Debug */,
				1DEB91B308733DA50010E9CD /* Release */,
				17E5952D14F302740054EE08 /* Distribution */,
			);
			defaultConfigurationIsVisible = 0;
			defaultConfigurationName = Release;
		};
/* End XCConfigurationList section */
	};
	rootObject = 0867D690FE84028FC02AAC07 /* Project object */;
}
