// !$*UTF8*$!
{
	archiveVersion = 1;
	classes = {
	};
	objectVersion = 45;
	objects = {

/* Begin PBXBuildFile section */
		1DDD582D0DA1D0D100B32029 /* MainMenu.xib in Resources */ = {isa = PBXBuildFile; fileRef = 1DDD582A0DA1D0D100B32029 /* MainMenu.xib */; };
		4D700D280EC2B97C00C9F09E /* appicon.icns in Resources */ = {isa = PBXBuildFile; fileRef = 4D700CF20EC2B97C00C9F09E /* appicon.icns */; };
		4D700D290EC2B97C00C9F09E /* clearconsole.tiff in Resources */ = {isa = PBXBuildFile; fileRef = 4D700CF30EC2B97C00C9F09E /* clearconsole.tiff */; };
		4D700D2A0EC2B97C00C9F09E /* CodeAssistantProtocol.tiff in Resources */ = {isa = PBXBuildFile; fileRef = 4D700CF40EC2B97C00C9F09E /* CodeAssistantProtocol.tiff */; };
		4D700D2B0EC2B97C00C9F09E /* columnadd.tiff in Resources */ = {isa = PBXBuildFile; fileRef = 4D700CF50EC2B97C00C9F09E /* columnadd.tiff */; };
		4D700D2C0EC2B97C00C9F09E /* columncopy.tiff in Resources */ = {isa = PBXBuildFile; fileRef = 4D700CF60EC2B97C00C9F09E /* columncopy.tiff */; };
		4D700D2D0EC2B97C00C9F09E /* columndelete.tiff in Resources */ = {isa = PBXBuildFile; fileRef = 4D700CF70EC2B97C00C9F09E /* columndelete.tiff */; };
		4D700D2E0EC2B97C00C9F09E /* columnrefresh.tiff in Resources */ = {isa = PBXBuildFile; fileRef = 4D700CF80EC2B97C00C9F09E /* columnrefresh.tiff */; };
		4D700D2F0EC2B97C00C9F09E /* connectionadd.tiff in Resources */ = {isa = PBXBuildFile; fileRef = 4D700CF90EC2B97C00C9F09E /* connectionadd.tiff */; };
		4D700D300EC2B97C00C9F09E /* connectioncopy.tiff in Resources */ = {isa = PBXBuildFile; fileRef = 4D700CFA0EC2B97C00C9F09E /* connectioncopy.tiff */; };
		4D700D310EC2B97C00C9F09E /* connectiondelete.tiff in Resources */ = {isa = PBXBuildFile; fileRef = 4D700CFB0EC2B97C00C9F09E /* connectiondelete.tiff */; };
		4D700D320EC2B97C00C9F09E /* connectionrefresh.tiff in Resources */ = {isa = PBXBuildFile; fileRef = 4D700CFC0EC2B97C00C9F09E /* connectionrefresh.tiff */; };
		4D700D330EC2B97C00C9F09E /* createtablesyntax.tiff in Resources */ = {isa = PBXBuildFile; fileRef = 4D700CFD0EC2B97C00C9F09E /* createtablesyntax.tiff */; };
		4D700D340EC2B97C00C9F09E /* databases.tiff in Resources */ = {isa = PBXBuildFile; fileRef = 4D700CFE0EC2B97C00C9F09E /* databases.tiff */; };
		4D700D350EC2B97C00C9F09E /* dbadd.tiff in Resources */ = {isa = PBXBuildFile; fileRef = 4D700CFF0EC2B97C00C9F09E /* dbadd.tiff */; };
		4D700D360EC2B97C00C9F09E /* dbdelete.tiff in Resources */ = {isa = PBXBuildFile; fileRef = 4D700D000EC2B97C00C9F09E /* dbdelete.tiff */; };
		4D700D370EC2B97C00C9F09E /* dbrefresh.tiff in Resources */ = {isa = PBXBuildFile; fileRef = 4D700D010EC2B97C00C9F09E /* dbrefresh.tiff */; };
		4D700D380EC2B97C00C9F09E /* flushprivileges.tiff in Resources */ = {isa = PBXBuildFile; fileRef = 4D700D020EC2B97C00C9F09E /* flushprivileges.tiff */; };
		4D700D390EC2B97C00C9F09E /* grabber-horizontal.png in Resources */ = {isa = PBXBuildFile; fileRef = 4D700D030EC2B97C00C9F09E /* grabber-horizontal.png */; };
		4D700D3A0EC2B97C00C9F09E /* grabber-vertical.png in Resources */ = {isa = PBXBuildFile; fileRef = 4D700D040EC2B97C00C9F09E /* grabber-vertical.png */; };
		4D700D3B0EC2B97C00C9F09E /* hideconsole.tiff in Resources */ = {isa = PBXBuildFile; fileRef = 4D700D050EC2B97C00C9F09E /* hideconsole.tiff */; };
		4D700D3C0EC2B97C00C9F09E /* indexadd.tiff in Resources */ = {isa = PBXBuildFile; fileRef = 4D700D060EC2B97C00C9F09E /* indexadd.tiff */; };
		4D700D3D0EC2B97C00C9F09E /* indexdelete.tiff in Resources */ = {isa = PBXBuildFile; fileRef = 4D700D070EC2B97C00C9F09E /* indexdelete.tiff */; };
		4D700D3E0EC2B97C00C9F09E /* logo-48.png in Resources */ = {isa = PBXBuildFile; fileRef = 4D700D080EC2B97C00C9F09E /* logo-48.png */; };
		4D700D3F0EC2B97C00C9F09E /* optimizetable.tiff in Resources */ = {isa = PBXBuildFile; fileRef = 4D700D090EC2B97C00C9F09E /* optimizetable.tiff */; };
		4D700D400EC2B97C00C9F09E /* query.tiff in Resources */ = {isa = PBXBuildFile; fileRef = 4D700D0A0EC2B97C00C9F09E /* query.tiff */; };
		4D700D410EC2B97C00C9F09E /* queryadd.tiff in Resources */ = {isa = PBXBuildFile; fileRef = 4D700D0B0EC2B97C00C9F09E /* queryadd.tiff */; };
		4D700D420EC2B97C00C9F09E /* querycopy.tiff in Resources */ = {isa = PBXBuildFile; fileRef = 4D700D0C0EC2B97C00C9F09E /* querycopy.tiff */; };
		4D700D430EC2B97C00C9F09E /* querydelete.tiff in Resources */ = {isa = PBXBuildFile; fileRef = 4D700D0D0EC2B97C00C9F09E /* querydelete.tiff */; };
		4D700D440EC2B97C00C9F09E /* queryrefresh.tiff in Resources */ = {isa = PBXBuildFile; fileRef = 4D700D0E0EC2B97C00C9F09E /* queryrefresh.tiff */; };
		4D700D450EC2B97C00C9F09E /* reload.tiff in Resources */ = {isa = PBXBuildFile; fileRef = 4D700D0F0EC2B97C00C9F09E /* reload.tiff */; };
		4D700D460EC2B97C00C9F09E /* rowadd.tiff in Resources */ = {isa = PBXBuildFile; fileRef = 4D700D100EC2B97C00C9F09E /* rowadd.tiff */; };
		4D700D470EC2B97C00C9F09E /* rowcopy.tiff in Resources */ = {isa = PBXBuildFile; fileRef = 4D700D110EC2B97C00C9F09E /* rowcopy.tiff */; };
		4D700D480EC2B97C00C9F09E /* rowdelete.tiff in Resources */ = {isa = PBXBuildFile; fileRef = 4D700D120EC2B97C00C9F09E /* rowdelete.tiff */; };
		4D700D490EC2B97C00C9F09E /* rowrefresh.tiff in Resources */ = {isa = PBXBuildFile; fileRef = 4D700D130EC2B97C00C9F09E /* rowrefresh.tiff */; };
		4D700D4A0EC2B97C00C9F09E /* selectall.tiff in Resources */ = {isa = PBXBuildFile; fileRef = 4D700D140EC2B97C00C9F09E /* selectall.tiff */; };
		4D700D4B0EC2B97C00C9F09E /* selectnone.tiff in Resources */ = {isa = PBXBuildFile; fileRef = 4D700D150EC2B97C00C9F09E /* selectnone.tiff */; };
		4D700D4C0EC2B97C00C9F09E /* sheettotable.tiff in Resources */ = {isa = PBXBuildFile; fileRef = 4D700D160EC2B97C00C9F09E /* sheettotable.tiff */; };
		4D700D4D0EC2B97C00C9F09E /* showconsole.tiff in Resources */ = {isa = PBXBuildFile; fileRef = 4D700D170EC2B97C00C9F09E /* showconsole.tiff */; };
		4D700D4E0EC2B97C00C9F09E /* showvariables.tiff in Resources */ = {isa = PBXBuildFile; fileRef = 4D700D180EC2B97C00C9F09E /* showvariables.tiff */; };
		4D700D4F0EC2B97C00C9F09E /* sort-down.tiff in Resources */ = {isa = PBXBuildFile; fileRef = 4D700D190EC2B97C00C9F09E /* sort-down.tiff */; };
		4D700D500EC2B97C00C9F09E /* sort-up.tiff in Resources */ = {isa = PBXBuildFile; fileRef = 4D700D1A0EC2B97C00C9F09E /* sort-up.tiff */; };
		4D700D510EC2B97C00C9F09E /* spyglass.tiff in Resources */ = {isa = PBXBuildFile; fileRef = 4D700D1B0EC2B97C00C9F09E /* spyglass.tiff */; };
		4D700D520EC2B97C00C9F09E /* table-small.tif in Resources */ = {isa = PBXBuildFile; fileRef = 4D700D1C0EC2B97C00C9F09E /* table-small.tif */; };
		4D700D530EC2B97C00C9F09E /* tableadd.tiff in Resources */ = {isa = PBXBuildFile; fileRef = 4D700D1D0EC2B97C00C9F09E /* tableadd.tiff */; };
		4D700D540EC2B97C00C9F09E /* tablecopy.tiff in Resources */ = {isa = PBXBuildFile; fileRef = 4D700D1E0EC2B97C00C9F09E /* tablecopy.tiff */; };
		4D700D550EC2B97C00C9F09E /* tabledelete.tiff in Resources */ = {isa = PBXBuildFile; fileRef = 4D700D1F0EC2B97C00C9F09E /* tabledelete.tiff */; };
		4D700D560EC2B97C00C9F09E /* tablerefresh.tiff in Resources */ = {isa = PBXBuildFile; fileRef = 4D700D200EC2B97C00C9F09E /* tablerefresh.tiff */; };
		4D700D570EC2B97C00C9F09E /* tables.tiff in Resources */ = {isa = PBXBuildFile; fileRef = 4D700D210EC2B97C00C9F09E /* tables.tiff */; };
		4D700D580EC2B97C00C9F09E /* tabletosheet.tiff in Resources */ = {isa = PBXBuildFile; fileRef = 4D700D220EC2B97C00C9F09E /* tabletosheet.tiff */; };
		4D700D590EC2B97C00C9F09E /* textencode.tiff in Resources */ = {isa = PBXBuildFile; fileRef = 4D700D230EC2B97C00C9F09E /* textencode.tiff */; };
		4D700D5A0EC2B97C00C9F09E /* toolbar-switch-to-browse.png in Resources */ = {isa = PBXBuildFile; fileRef = 4D700D240EC2B97C00C9F09E /* toolbar-switch-to-browse.png */; };
		4D700D5B0EC2B97C00C9F09E /* toolbar-switch-to-sql.png in Resources */ = {isa = PBXBuildFile; fileRef = 4D700D250EC2B97C00C9F09E /* toolbar-switch-to-sql.png */; };
		4D700D5C0EC2B97C00C9F09E /* toolbar-switch-to-structure.png in Resources */ = {isa = PBXBuildFile; fileRef = 4D700D260EC2B97C00C9F09E /* toolbar-switch-to-structure.png */; };
		4D700D5D0EC2B97C00C9F09E /* toolbar-switch-to-table-info.png in Resources */ = {isa = PBXBuildFile; fileRef = 4D700D270EC2B97C00C9F09E /* toolbar-switch-to-table-info.png */; };
		4DECC3350EC2A170008D359E /* Sparkle.framework in Frameworks */ = {isa = PBXBuildFile; fileRef = 4DECC3320EC2A170008D359E /* Sparkle.framework */; };
		4DECC3360EC2A170008D359E /* MCPKit_bundled.framework in Frameworks */ = {isa = PBXBuildFile; fileRef = 4DECC3330EC2A170008D359E /* MCPKit_bundled.framework */; };
		4DECC3370EC2A170008D359E /* Growl.framework in Frameworks */ = {isa = PBXBuildFile; fileRef = 4DECC3340EC2A170008D359E /* Growl.framework */; };
		4DECC3C60EC2A4AD008D359E /* TableDocument.m in Sources */ = {isa = PBXBuildFile; fileRef = 4DECC3BB0EC2A4AD008D359E /* TableDocument.m */; };
		4DECC3C70EC2A4AD008D359E /* MainController.m in Sources */ = {isa = PBXBuildFile; fileRef = 4DECC3BD0EC2A4AD008D359E /* MainController.m */; };
		4DECC3C80EC2A4AD008D359E /* TableSource.m in Sources */ = {isa = PBXBuildFile; fileRef = 4DECC3BF0EC2A4AD008D359E /* TableSource.m */; };
		4DECC3C90EC2A4AD008D359E /* TableContent.m in Sources */ = {isa = PBXBuildFile; fileRef = 4DECC3C10EC2A4AD008D359E /* TableContent.m */; };
		4DECC3CA0EC2A4AD008D359E /* CustomQuery.m in Sources */ = {isa = PBXBuildFile; fileRef = 4DECC3C30EC2A4AD008D359E /* CustomQuery.m */; };
		4DECC3CB0EC2A4AD008D359E /* TableDump.m in Sources */ = {isa = PBXBuildFile; fileRef = 4DECC3C50EC2A4AD008D359E /* TableDump.m */; };
		4DECC3D20EC2A4B9008D359E /* TableStatus.m in Sources */ = {isa = PBXBuildFile; fileRef = 4DECC3CD0EC2A4B9008D359E /* TableStatus.m */; };
		4DECC3D30EC2A4B9008D359E /* TablesList.m in Sources */ = {isa = PBXBuildFile; fileRef = 4DECC3CF0EC2A4B9008D359E /* TablesList.m */; };
		4DECC3D40EC2A4B9008D359E /* SPTableInfo.m in Sources */ = {isa = PBXBuildFile; fileRef = 4DECC3D10EC2A4B9008D359E /* SPTableInfo.m */; };
		4DECC3DF0EC2A4D3008D359E /* ImageAndTextCell.m in Sources */ = {isa = PBXBuildFile; fileRef = 4DECC3DC0EC2A4D3008D359E /* ImageAndTextCell.m */; };
		4DECC3E00EC2A4D3008D359E /* TableDocumentSplitView.m in Sources */ = {isa = PBXBuildFile; fileRef = 4DECC3DE0EC2A4D3008D359E /* TableDocumentSplitView.m */; };
		4DECC3E50EC2A528008D359E /* CMMCPConnection.m in Sources */ = {isa = PBXBuildFile; fileRef = 4DECC3E20EC2A528008D359E /* CMMCPConnection.m */; };
		4DECC3E60EC2A528008D359E /* CMMCPResult.m in Sources */ = {isa = PBXBuildFile; fileRef = 4DECC3E40EC2A528008D359E /* CMMCPResult.m */; };
		4DECC3E90EC2A534008D359E /* KeyChain.m in Sources */ = {isa = PBXBuildFile; fileRef = 4DECC3E80EC2A534008D359E /* KeyChain.m */; };
		4DECC3F00EC2A54E008D359E /* CMCopyTable.m in Sources */ = {isa = PBXBuildFile; fileRef = 4DECC3EB0EC2A54E008D359E /* CMCopyTable.m */; };
		4DECC3F10EC2A54E008D359E /* CMImageView.m in Sources */ = {isa = PBXBuildFile; fileRef = 4DECC3ED0EC2A54E008D359E /* CMImageView.m */; };
		4DECC3FA0EC2A573008D359E /* SSHTunnel.m in Sources */ = {isa = PBXBuildFile; fileRef = 4DECC3F40EC2A573008D359E /* SSHTunnel.m */; };
		4DECC3FB0EC2A573008D359E /* askForPass.sh in Resources */ = {isa = PBXBuildFile; fileRef = 4DECC3F50EC2A573008D359E /* askForPass.sh */; };
		4DECC3FC0EC2A573008D359E /* sequel-pro.scriptTerminology in Resources */ = {isa = PBXBuildFile; fileRef = 4DECC3F60EC2A573008D359E /* sequel-pro.scriptTerminology */; };
		4DECC3FD0EC2A573008D359E /* sequel-pro.scriptSuite in Resources */ = {isa = PBXBuildFile; fileRef = 4DECC3F70EC2A573008D359E /* sequel-pro.scriptSuite */; };
		4DECC4870EC2B109008D359E /* english_help in Resources */ = {isa = PBXBuildFile; fileRef = 4DECC46D0EC2B109008D359E /* english_help */; };
		4DECC48C0EC2B180008D359E /* DBView.xib in Resources */ = {isa = PBXBuildFile; fileRef = 4DECC48A0EC2B180008D359E /* DBView.xib */; };
		4DECC48F0EC2B436008D359E /* Sparkle.framework in CopyFiles */ = {isa = PBXBuildFile; fileRef = 4DECC3320EC2A170008D359E /* Sparkle.framework */; };
		4DECC4900EC2B436008D359E /* MCPKit_bundled.framework in CopyFiles */ = {isa = PBXBuildFile; fileRef = 4DECC3330EC2A170008D359E /* MCPKit_bundled.framework */; };
		4DECC4910EC2B436008D359E /* Growl.framework in CopyFiles */ = {isa = PBXBuildFile; fileRef = 4DECC3340EC2A170008D359E /* Growl.framework */; };
		4DECC5000EC2B76E008D359E /* Growl Registration Ticket.growlRegDict in Resources */ = {isa = PBXBuildFile; fileRef = 4DECC4FF0EC2B76E008D359E /* Growl Registration Ticket.growlRegDict */; };
		8D15AC2C0486D014006FF6A4 /* Credits.rtf in Resources */ = {isa = PBXBuildFile; fileRef = 2A37F4B9FDCFA73011CA2CEA /* Credits.rtf */; };
		8D15AC2F0486D014006FF6A4 /* InfoPlist.strings in Resources */ = {isa = PBXBuildFile; fileRef = 089C165FFE840EACC02AAC07 /* InfoPlist.strings */; };
		8D15AC320486D014006FF6A4 /* main.m in Sources */ = {isa = PBXBuildFile; fileRef = 2A37F4B0FDCFA73011CA2CEA /* main.m */; settings = {ATTRIBUTES = (); }; };
		8D15AC340486D014006FF6A4 /* Cocoa.framework in Frameworks */ = {isa = PBXBuildFile; fileRef = 1058C7A7FEA54F5311CA2CBB /* Cocoa.framework */; };
		B5BE825C0ED18C0B00831294 /* CMTextView.m in Sources */ = {isa = PBXBuildFile; fileRef = 4DECC3EF0EC2A54E008D359E /* CMTextView.m */; };
		B5EAC0FD0EC87FF900CC579C /* Security.framework in Frameworks */ = {isa = PBXBuildFile; fileRef = B5EAC0FC0EC87FF900CC579C /* Security.framework */; };
/* End PBXBuildFile section */

/* Begin PBXCopyFilesBuildPhase section */
		4DECC4940EC2B447008D359E /* CopyFiles */ = {
			isa = PBXCopyFilesBuildPhase;
			buildActionMask = 2147483647;
			dstPath = "";
			dstSubfolderSpec = 10;
			files = (
				4DECC48F0EC2B436008D359E /* Sparkle.framework in CopyFiles */,
				4DECC4900EC2B436008D359E /* MCPKit_bundled.framework in CopyFiles */,
				4DECC4910EC2B436008D359E /* Growl.framework in CopyFiles */,
			);
			runOnlyForDeploymentPostprocessing = 0;
		};
/* End PBXCopyFilesBuildPhase section */

/* Begin PBXFileReference section */
		089C1660FE840EACC02AAC07 /* English */ = {isa = PBXFileReference; fileEncoding = 10; lastKnownFileType = text.plist.strings; name = English; path = English.lproj/InfoPlist.strings; sourceTree = "<group>"; };
		1058C7A7FEA54F5311CA2CBB /* Cocoa.framework */ = {isa = PBXFileReference; lastKnownFileType = wrapper.framework; name = Cocoa.framework; path = /System/Library/Frameworks/Cocoa.framework; sourceTree = "<absolute>"; };
		1DDD582B0DA1D0D100B32029 /* English */ = {isa = PBXFileReference; lastKnownFileType = file.xib; name = English; path = English.lproj/MainMenu.xib; sourceTree = "<group>"; };
		2A37F4B0FDCFA73011CA2CEA /* main.m */ = {isa = PBXFileReference; fileEncoding = 4; lastKnownFileType = sourcecode.c.objc; path = main.m; sourceTree = "<group>"; };
		2A37F4BAFDCFA73011CA2CEA /* English */ = {isa = PBXFileReference; lastKnownFileType = text.rtf; name = English; path = English.lproj/Credits.rtf; sourceTree = "<group>"; };
		2A37F4C4FDCFA73011CA2CEA /* AppKit.framework */ = {isa = PBXFileReference; lastKnownFileType = wrapper.framework; name = AppKit.framework; path = /System/Library/Frameworks/AppKit.framework; sourceTree = "<absolute>"; };
		2A37F4C5FDCFA73011CA2CEA /* Foundation.framework */ = {isa = PBXFileReference; lastKnownFileType = wrapper.framework; name = Foundation.framework; path = /System/Library/Frameworks/Foundation.framework; sourceTree = "<absolute>"; };
		32DBCF750370BD2300C91783 /* sequel-pro_Prefix.pch */ = {isa = PBXFileReference; fileEncoding = 4; lastKnownFileType = sourcecode.c.h; path = "sequel-pro_Prefix.pch"; sourceTree = "<group>"; };
		4D700CF20EC2B97C00C9F09E /* appicon.icns */ = {isa = PBXFileReference; lastKnownFileType = image.icns; path = appicon.icns; sourceTree = "<group>"; };
		4D700CF30EC2B97C00C9F09E /* clearconsole.tiff */ = {isa = PBXFileReference; lastKnownFileType = image.tiff; path = clearconsole.tiff; sourceTree = "<group>"; };
		4D700CF40EC2B97C00C9F09E /* CodeAssistantProtocol.tiff */ = {isa = PBXFileReference; lastKnownFileType = image.tiff; path = CodeAssistantProtocol.tiff; sourceTree = "<group>"; };
		4D700CF50EC2B97C00C9F09E /* columnadd.tiff */ = {isa = PBXFileReference; lastKnownFileType = image.tiff; path = columnadd.tiff; sourceTree = "<group>"; };
		4D700CF60EC2B97C00C9F09E /* columncopy.tiff */ = {isa = PBXFileReference; lastKnownFileType = image.tiff; path = columncopy.tiff; sourceTree = "<group>"; };
		4D700CF70EC2B97C00C9F09E /* columndelete.tiff */ = {isa = PBXFileReference; lastKnownFileType = image.tiff; path = columndelete.tiff; sourceTree = "<group>"; };
		4D700CF80EC2B97C00C9F09E /* columnrefresh.tiff */ = {isa = PBXFileReference; lastKnownFileType = image.tiff; path = columnrefresh.tiff; sourceTree = "<group>"; };
		4D700CF90EC2B97C00C9F09E /* connectionadd.tiff */ = {isa = PBXFileReference; lastKnownFileType = image.tiff; path = connectionadd.tiff; sourceTree = "<group>"; };
		4D700CFA0EC2B97C00C9F09E /* connectioncopy.tiff */ = {isa = PBXFileReference; lastKnownFileType = image.tiff; path = connectioncopy.tiff; sourceTree = "<group>"; };
		4D700CFB0EC2B97C00C9F09E /* connectiondelete.tiff */ = {isa = PBXFileReference; lastKnownFileType = image.tiff; path = connectiondelete.tiff; sourceTree = "<group>"; };
		4D700CFC0EC2B97C00C9F09E /* connectionrefresh.tiff */ = {isa = PBXFileReference; lastKnownFileType = image.tiff; path = connectionrefresh.tiff; sourceTree = "<group>"; };
		4D700CFD0EC2B97C00C9F09E /* createtablesyntax.tiff */ = {isa = PBXFileReference; lastKnownFileType = image.tiff; path = createtablesyntax.tiff; sourceTree = "<group>"; };
		4D700CFE0EC2B97C00C9F09E /* databases.tiff */ = {isa = PBXFileReference; lastKnownFileType = image.tiff; path = databases.tiff; sourceTree = "<group>"; };
		4D700CFF0EC2B97C00C9F09E /* dbadd.tiff */ = {isa = PBXFileReference; lastKnownFileType = image.tiff; path = dbadd.tiff; sourceTree = "<group>"; };
		4D700D000EC2B97C00C9F09E /* dbdelete.tiff */ = {isa = PBXFileReference; lastKnownFileType = image.tiff; path = dbdelete.tiff; sourceTree = "<group>"; };
		4D700D010EC2B97C00C9F09E /* dbrefresh.tiff */ = {isa = PBXFileReference; lastKnownFileType = image.tiff; path = dbrefresh.tiff; sourceTree = "<group>"; };
		4D700D020EC2B97C00C9F09E /* flushprivileges.tiff */ = {isa = PBXFileReference; lastKnownFileType = image.tiff; path = flushprivileges.tiff; sourceTree = "<group>"; };
		4D700D030EC2B97C00C9F09E /* grabber-horizontal.png */ = {isa = PBXFileReference; lastKnownFileType = image.png; path = "grabber-horizontal.png"; sourceTree = "<group>"; };
		4D700D040EC2B97C00C9F09E /* grabber-vertical.png */ = {isa = PBXFileReference; lastKnownFileType = image.png; path = "grabber-vertical.png"; sourceTree = "<group>"; };
		4D700D050EC2B97C00C9F09E /* hideconsole.tiff */ = {isa = PBXFileReference; lastKnownFileType = image.tiff; path = hideconsole.tiff; sourceTree = "<group>"; };
		4D700D060EC2B97C00C9F09E /* indexadd.tiff */ = {isa = PBXFileReference; lastKnownFileType = image.tiff; path = indexadd.tiff; sourceTree = "<group>"; };
		4D700D070EC2B97C00C9F09E /* indexdelete.tiff */ = {isa = PBXFileReference; lastKnownFileType = image.tiff; path = indexdelete.tiff; sourceTree = "<group>"; };
		4D700D080EC2B97C00C9F09E /* logo-48.png */ = {isa = PBXFileReference; lastKnownFileType = image.png; path = "logo-48.png"; sourceTree = "<group>"; };
		4D700D090EC2B97C00C9F09E /* optimizetable.tiff */ = {isa = PBXFileReference; lastKnownFileType = image.tiff; path = optimizetable.tiff; sourceTree = "<group>"; };
		4D700D0A0EC2B97C00C9F09E /* query.tiff */ = {isa = PBXFileReference; lastKnownFileType = image.tiff; path = query.tiff; sourceTree = "<group>"; };
		4D700D0B0EC2B97C00C9F09E /* queryadd.tiff */ = {isa = PBXFileReference; lastKnownFileType = image.tiff; path = queryadd.tiff; sourceTree = "<group>"; };
		4D700D0C0EC2B97C00C9F09E /* querycopy.tiff */ = {isa = PBXFileReference; lastKnownFileType = image.tiff; path = querycopy.tiff; sourceTree = "<group>"; };
		4D700D0D0EC2B97C00C9F09E /* querydelete.tiff */ = {isa = PBXFileReference; lastKnownFileType = image.tiff; path = querydelete.tiff; sourceTree = "<group>"; };
		4D700D0E0EC2B97C00C9F09E /* queryrefresh.tiff */ = {isa = PBXFileReference; lastKnownFileType = image.tiff; path = queryrefresh.tiff; sourceTree = "<group>"; };
		4D700D0F0EC2B97C00C9F09E /* reload.tiff */ = {isa = PBXFileReference; lastKnownFileType = image.tiff; path = reload.tiff; sourceTree = "<group>"; };
		4D700D100EC2B97C00C9F09E /* rowadd.tiff */ = {isa = PBXFileReference; lastKnownFileType = image.tiff; path = rowadd.tiff; sourceTree = "<group>"; };
		4D700D110EC2B97C00C9F09E /* rowcopy.tiff */ = {isa = PBXFileReference; lastKnownFileType = image.tiff; path = rowcopy.tiff; sourceTree = "<group>"; };
		4D700D120EC2B97C00C9F09E /* rowdelete.tiff */ = {isa = PBXFileReference; lastKnownFileType = image.tiff; path = rowdelete.tiff; sourceTree = "<group>"; };
		4D700D130EC2B97C00C9F09E /* rowrefresh.tiff */ = {isa = PBXFileReference; lastKnownFileType = image.tiff; path = rowrefresh.tiff; sourceTree = "<group>"; };
		4D700D140EC2B97C00C9F09E /* selectall.tiff */ = {isa = PBXFileReference; lastKnownFileType = image.tiff; path = selectall.tiff; sourceTree = "<group>"; };
		4D700D150EC2B97C00C9F09E /* selectnone.tiff */ = {isa = PBXFileReference; lastKnownFileType = image.tiff; path = selectnone.tiff; sourceTree = "<group>"; };
		4D700D160EC2B97C00C9F09E /* sheettotable.tiff */ = {isa = PBXFileReference; lastKnownFileType = image.tiff; path = sheettotable.tiff; sourceTree = "<group>"; };
		4D700D170EC2B97C00C9F09E /* showconsole.tiff */ = {isa = PBXFileReference; lastKnownFileType = image.tiff; path = showconsole.tiff; sourceTree = "<group>"; };
		4D700D180EC2B97C00C9F09E /* showvariables.tiff */ = {isa = PBXFileReference; lastKnownFileType = image.tiff; path = showvariables.tiff; sourceTree = "<group>"; };
		4D700D190EC2B97C00C9F09E /* sort-down.tiff */ = {isa = PBXFileReference; lastKnownFileType = image.tiff; path = "sort-down.tiff"; sourceTree = "<group>"; };
		4D700D1A0EC2B97C00C9F09E /* sort-up.tiff */ = {isa = PBXFileReference; lastKnownFileType = image.tiff; path = "sort-up.tiff"; sourceTree = "<group>"; };
		4D700D1B0EC2B97C00C9F09E /* spyglass.tiff */ = {isa = PBXFileReference; lastKnownFileType = image.tiff; path = spyglass.tiff; sourceTree = "<group>"; };
		4D700D1C0EC2B97C00C9F09E /* table-small.tif */ = {isa = PBXFileReference; lastKnownFileType = image.tiff; path = "table-small.tif"; sourceTree = "<group>"; };
		4D700D1D0EC2B97C00C9F09E /* tableadd.tiff */ = {isa = PBXFileReference; lastKnownFileType = image.tiff; path = tableadd.tiff; sourceTree = "<group>"; };
		4D700D1E0EC2B97C00C9F09E /* tablecopy.tiff */ = {isa = PBXFileReference; lastKnownFileType = image.tiff; path = tablecopy.tiff; sourceTree = "<group>"; };
		4D700D1F0EC2B97C00C9F09E /* tabledelete.tiff */ = {isa = PBXFileReference; lastKnownFileType = image.tiff; path = tabledelete.tiff; sourceTree = "<group>"; };
		4D700D200EC2B97C00C9F09E /* tablerefresh.tiff */ = {isa = PBXFileReference; lastKnownFileType = image.tiff; path = tablerefresh.tiff; sourceTree = "<group>"; };
		4D700D210EC2B97C00C9F09E /* tables.tiff */ = {isa = PBXFileReference; lastKnownFileType = image.tiff; path = tables.tiff; sourceTree = "<group>"; };
		4D700D220EC2B97C00C9F09E /* tabletosheet.tiff */ = {isa = PBXFileReference; lastKnownFileType = image.tiff; path = tabletosheet.tiff; sourceTree = "<group>"; };
		4D700D230EC2B97C00C9F09E /* textencode.tiff */ = {isa = PBXFileReference; lastKnownFileType = image.tiff; path = textencode.tiff; sourceTree = "<group>"; };
		4D700D240EC2B97C00C9F09E /* toolbar-switch-to-browse.png */ = {isa = PBXFileReference; lastKnownFileType = image.png; path = "toolbar-switch-to-browse.png"; sourceTree = "<group>"; };
		4D700D250EC2B97C00C9F09E /* toolbar-switch-to-sql.png */ = {isa = PBXFileReference; lastKnownFileType = image.png; path = "toolbar-switch-to-sql.png"; sourceTree = "<group>"; };
		4D700D260EC2B97C00C9F09E /* toolbar-switch-to-structure.png */ = {isa = PBXFileReference; lastKnownFileType = image.png; path = "toolbar-switch-to-structure.png"; sourceTree = "<group>"; };
		4D700D270EC2B97C00C9F09E /* toolbar-switch-to-table-info.png */ = {isa = PBXFileReference; lastKnownFileType = image.png; path = "toolbar-switch-to-table-info.png"; sourceTree = "<group>"; };
		4DECC3320EC2A170008D359E /* Sparkle.framework */ = {isa = PBXFileReference; lastKnownFileType = wrapper.framework; path = Sparkle.framework; sourceTree = "<group>"; };
		4DECC3330EC2A170008D359E /* MCPKit_bundled.framework */ = {isa = PBXFileReference; lastKnownFileType = wrapper.framework; path = MCPKit_bundled.framework; sourceTree = "<group>"; };
		4DECC3340EC2A170008D359E /* Growl.framework */ = {isa = PBXFileReference; lastKnownFileType = wrapper.framework; path = Growl.framework; sourceTree = "<group>"; };
		4DECC3BA0EC2A4AD008D359E /* TableDocument.h */ = {isa = PBXFileReference; fileEncoding = 4; lastKnownFileType = sourcecode.c.h; path = TableDocument.h; sourceTree = "<group>"; };
		4DECC3BB0EC2A4AD008D359E /* TableDocument.m */ = {isa = PBXFileReference; fileEncoding = 4; lastKnownFileType = sourcecode.c.objc; path = TableDocument.m; sourceTree = "<group>"; };
		4DECC3BC0EC2A4AD008D359E /* MainController.h */ = {isa = PBXFileReference; fileEncoding = 4; lastKnownFileType = sourcecode.c.h; path = MainController.h; sourceTree = "<group>"; };
		4DECC3BD0EC2A4AD008D359E /* MainController.m */ = {isa = PBXFileReference; fileEncoding = 4; lastKnownFileType = sourcecode.c.objc; path = MainController.m; sourceTree = "<group>"; };
		4DECC3BE0EC2A4AD008D359E /* TableSource.h */ = {isa = PBXFileReference; fileEncoding = 4; lastKnownFileType = sourcecode.c.h; path = TableSource.h; sourceTree = "<group>"; };
		4DECC3BF0EC2A4AD008D359E /* TableSource.m */ = {isa = PBXFileReference; fileEncoding = 4; lastKnownFileType = sourcecode.c.objc; path = TableSource.m; sourceTree = "<group>"; };
		4DECC3C00EC2A4AD008D359E /* TableContent.h */ = {isa = PBXFileReference; fileEncoding = 4; lastKnownFileType = sourcecode.c.h; path = TableContent.h; sourceTree = "<group>"; };
		4DECC3C10EC2A4AD008D359E /* TableContent.m */ = {isa = PBXFileReference; fileEncoding = 4; lastKnownFileType = sourcecode.c.objc; path = TableContent.m; sourceTree = "<group>"; };
		4DECC3C20EC2A4AD008D359E /* CustomQuery.h */ = {isa = PBXFileReference; fileEncoding = 4; lastKnownFileType = sourcecode.c.h; path = CustomQuery.h; sourceTree = "<group>"; };
		4DECC3C30EC2A4AD008D359E /* CustomQuery.m */ = {isa = PBXFileReference; fileEncoding = 4; lastKnownFileType = sourcecode.c.objc; path = CustomQuery.m; sourceTree = "<group>"; };
		4DECC3C40EC2A4AD008D359E /* TableDump.h */ = {isa = PBXFileReference; fileEncoding = 4; lastKnownFileType = sourcecode.c.h; path = TableDump.h; sourceTree = "<group>"; };
		4DECC3C50EC2A4AD008D359E /* TableDump.m */ = {isa = PBXFileReference; fileEncoding = 4; lastKnownFileType = sourcecode.c.objc; path = TableDump.m; sourceTree = "<group>"; };
		4DECC3CC0EC2A4B9008D359E /* TableStatus.h */ = {isa = PBXFileReference; fileEncoding = 4; lastKnownFileType = sourcecode.c.h; path = TableStatus.h; sourceTree = "<group>"; };
		4DECC3CD0EC2A4B9008D359E /* TableStatus.m */ = {isa = PBXFileReference; fileEncoding = 4; lastKnownFileType = sourcecode.c.objc; path = TableStatus.m; sourceTree = "<group>"; };
		4DECC3CE0EC2A4B9008D359E /* TablesList.h */ = {isa = PBXFileReference; fileEncoding = 4; lastKnownFileType = sourcecode.c.h; path = TablesList.h; sourceTree = "<group>"; };
		4DECC3CF0EC2A4B9008D359E /* TablesList.m */ = {isa = PBXFileReference; fileEncoding = 4; lastKnownFileType = sourcecode.c.objc; path = TablesList.m; sourceTree = "<group>"; };
		4DECC3D00EC2A4B9008D359E /* SPTableInfo.h */ = {isa = PBXFileReference; fileEncoding = 4; lastKnownFileType = sourcecode.c.h; path = SPTableInfo.h; sourceTree = "<group>"; };
		4DECC3D10EC2A4B9008D359E /* SPTableInfo.m */ = {isa = PBXFileReference; fileEncoding = 4; lastKnownFileType = sourcecode.c.objc; path = SPTableInfo.m; sourceTree = "<group>"; };
		4DECC3DB0EC2A4D3008D359E /* ImageAndTextCell.h */ = {isa = PBXFileReference; fileEncoding = 4; lastKnownFileType = sourcecode.c.h; path = ImageAndTextCell.h; sourceTree = "<group>"; };
		4DECC3DC0EC2A4D3008D359E /* ImageAndTextCell.m */ = {isa = PBXFileReference; fileEncoding = 4; lastKnownFileType = sourcecode.c.objc; path = ImageAndTextCell.m; sourceTree = "<group>"; };
		4DECC3DD0EC2A4D3008D359E /* TableDocumentSplitView.h */ = {isa = PBXFileReference; fileEncoding = 4; lastKnownFileType = sourcecode.c.h; path = TableDocumentSplitView.h; sourceTree = "<group>"; };
		4DECC3DE0EC2A4D3008D359E /* TableDocumentSplitView.m */ = {isa = PBXFileReference; fileEncoding = 4; lastKnownFileType = sourcecode.c.objc; path = TableDocumentSplitView.m; sourceTree = "<group>"; };
		4DECC3E10EC2A528008D359E /* CMMCPConnection.h */ = {isa = PBXFileReference; fileEncoding = 4; lastKnownFileType = sourcecode.c.h; path = CMMCPConnection.h; sourceTree = "<group>"; };
		4DECC3E20EC2A528008D359E /* CMMCPConnection.m */ = {isa = PBXFileReference; fileEncoding = 4; lastKnownFileType = sourcecode.c.objc; path = CMMCPConnection.m; sourceTree = "<group>"; };
		4DECC3E30EC2A528008D359E /* CMMCPResult.h */ = {isa = PBXFileReference; fileEncoding = 4; lastKnownFileType = sourcecode.c.h; path = CMMCPResult.h; sourceTree = "<group>"; };
		4DECC3E40EC2A528008D359E /* CMMCPResult.m */ = {isa = PBXFileReference; fileEncoding = 4; lastKnownFileType = sourcecode.c.objc; path = CMMCPResult.m; sourceTree = "<group>"; };
		4DECC3E70EC2A534008D359E /* KeyChain.h */ = {isa = PBXFileReference; fileEncoding = 4; lastKnownFileType = sourcecode.c.h; path = KeyChain.h; sourceTree = "<group>"; };
		4DECC3E80EC2A534008D359E /* KeyChain.m */ = {isa = PBXFileReference; fileEncoding = 4; lastKnownFileType = sourcecode.c.objc; path = KeyChain.m; sourceTree = "<group>"; };
		4DECC3EA0EC2A54E008D359E /* CMCopyTable.h */ = {isa = PBXFileReference; fileEncoding = 4; lastKnownFileType = sourcecode.c.h; path = CMCopyTable.h; sourceTree = "<group>"; };
		4DECC3EB0EC2A54E008D359E /* CMCopyTable.m */ = {isa = PBXFileReference; fileEncoding = 4; lastKnownFileType = sourcecode.c.objc; path = CMCopyTable.m; sourceTree = "<group>"; };
		4DECC3EC0EC2A54E008D359E /* CMImageView.h */ = {isa = PBXFileReference; fileEncoding = 4; lastKnownFileType = sourcecode.c.h; path = CMImageView.h; sourceTree = "<group>"; };
		4DECC3ED0EC2A54E008D359E /* CMImageView.m */ = {isa = PBXFileReference; fileEncoding = 4; lastKnownFileType = sourcecode.c.objc; path = CMImageView.m; sourceTree = "<group>"; };
		4DECC3EE0EC2A54E008D359E /* CMTextView.h */ = {isa = PBXFileReference; fileEncoding = 4; lastKnownFileType = sourcecode.c.h; path = CMTextView.h; sourceTree = "<group>"; };
		4DECC3EF0EC2A54E008D359E /* CMTextView.m */ = {isa = PBXFileReference; fileEncoding = 4; lastKnownFileType = sourcecode.c.objc; path = CMTextView.m; sourceTree = "<group>"; };
		4DECC3F30EC2A573008D359E /* SSHTunnel.h */ = {isa = PBXFileReference; fileEncoding = 4; lastKnownFileType = sourcecode.c.h; path = SSHTunnel.h; sourceTree = "<group>"; };
		4DECC3F40EC2A573008D359E /* SSHTunnel.m */ = {isa = PBXFileReference; fileEncoding = 4; lastKnownFileType = sourcecode.c.objc; path = SSHTunnel.m; sourceTree = "<group>"; };
		4DECC3F50EC2A573008D359E /* askForPass.sh */ = {isa = PBXFileReference; fileEncoding = 4; lastKnownFileType = text.script.sh; path = askForPass.sh; sourceTree = "<group>"; };
		4DECC3F60EC2A573008D359E /* sequel-pro.scriptTerminology */ = {isa = PBXFileReference; fileEncoding = 4; lastKnownFileType = text.plist.scriptTerminology; path = "sequel-pro.scriptTerminology"; sourceTree = "<group>"; };
		4DECC3F70EC2A573008D359E /* sequel-pro.scriptSuite */ = {isa = PBXFileReference; fileEncoding = 4; lastKnownFileType = text.plist.scriptSuite; path = "sequel-pro.scriptSuite"; sourceTree = "<group>"; };
		4DECC3F80EC2A573008D359E /* SSHTunnel_old.h */ = {isa = PBXFileReference; fileEncoding = 4; lastKnownFileType = sourcecode.c.h; path = SSHTunnel_old.h; sourceTree = "<group>"; };
		4DECC3F90EC2A573008D359E /* SSHTunnel_old.m */ = {isa = PBXFileReference; fileEncoding = 4; lastKnownFileType = sourcecode.c.objc; path = SSHTunnel_old.m; sourceTree = "<group>"; };
		4DECC46E0EC2B109008D359E /* English */ = {isa = PBXFileReference; lastKnownFileType = folder; name = English; path = English.lproj/english_help; sourceTree = "<group>"; };
		4DECC48B0EC2B180008D359E /* English */ = {isa = PBXFileReference; lastKnownFileType = file.xib; name = English; path = English.lproj/DBView.xib; sourceTree = "<group>"; };
		4DECC4FF0EC2B76E008D359E /* Growl Registration Ticket.growlRegDict */ = {isa = PBXFileReference; fileEncoding = 4; lastKnownFileType = text.xml; path = "Growl Registration Ticket.growlRegDict"; sourceTree = "<group>"; };
		8D15AC360486D014006FF6A4 /* Info.plist */ = {isa = PBXFileReference; fileEncoding = 4; lastKnownFileType = text.plist.xml; path = Info.plist; sourceTree = "<group>"; };
		8D15AC370486D014006FF6A4 /* Sequel Pro.app */ = {isa = PBXFileReference; explicitFileType = wrapper.application; includeInIndex = 0; path = "Sequel Pro.app"; sourceTree = BUILT_PRODUCTS_DIR; };
		B5EAC0FC0EC87FF900CC579C /* Security.framework */ = {isa = PBXFileReference; lastKnownFileType = wrapper.framework; name = Security.framework; path = System/Library/Frameworks/Security.framework; sourceTree = SDKROOT; };
/* End PBXFileReference section */

/* Begin PBXFrameworksBuildPhase section */
		8D15AC330486D014006FF6A4 /* Frameworks */ = {
			isa = PBXFrameworksBuildPhase;
			buildActionMask = 2147483647;
			files = (
				8D15AC340486D014006FF6A4 /* Cocoa.framework in Frameworks */,
				4DECC3350EC2A170008D359E /* Sparkle.framework in Frameworks */,
				4DECC3360EC2A170008D359E /* MCPKit_bundled.framework in Frameworks */,
				4DECC3370EC2A170008D359E /* Growl.framework in Frameworks */,
				B5EAC0FD0EC87FF900CC579C /* Security.framework in Frameworks */,
			);
			runOnlyForDeploymentPostprocessing = 0;
		};
/* End PBXFrameworksBuildPhase section */

/* Begin PBXGroup section */
		1058C7A6FEA54F5311CA2CBB /* Linked Frameworks */ = {
			isa = PBXGroup;
			children = (
				4DECC3320EC2A170008D359E /* Sparkle.framework */,
				4DECC3330EC2A170008D359E /* MCPKit_bundled.framework */,
				4DECC3340EC2A170008D359E /* Growl.framework */,
				1058C7A7FEA54F5311CA2CBB /* Cocoa.framework */,
			);
			name = "Linked Frameworks";
			sourceTree = "<group>";
		};
		1058C7A8FEA54F5311CA2CBB /* Other Frameworks */ = {
			isa = PBXGroup;
			children = (
				B5EAC0FC0EC87FF900CC579C /* Security.framework */,
				2A37F4C4FDCFA73011CA2CEA /* AppKit.framework */,
				2A37F4C5FDCFA73011CA2CEA /* Foundation.framework */,
			);
			name = "Other Frameworks";
			sourceTree = "<group>";
		};
		19C28FB0FE9D524F11CA2CBB /* Products */ = {
			isa = PBXGroup;
			children = (
				8D15AC370486D014006FF6A4 /* Sequel Pro.app */,
			);
			name = Products;
			sourceTree = "<group>";
		};
		2A37F4AAFDCFA73011CA2CEA /* sequel-pro */ = {
			isa = PBXGroup;
			children = (
				4DECC3B20EC2A42B008D359E /* Controllers */,
				4DECC3B30EC2A432008D359E /* Model */,
				4DECC3B40EC2A43E008D359E /* Views */,
				4DECC3B50EC2A442008D359E /* Other */,
				2A37F4B8FDCFA73011CA2CEA /* Resources */,
				2A37F4C3FDCFA73011CA2CEA /* Frameworks */,
				19C28FB0FE9D524F11CA2CBB /* Products */,
			);
			name = "sequel-pro";
			sourceTree = "<group>";
		};
		2A37F4B8FDCFA73011CA2CEA /* Resources */ = {
			isa = PBXGroup;
			children = (
				4D700CF10EC2B97C00C9F09E /* images */,
				4DECC4FF0EC2B76E008D359E /* Growl Registration Ticket.growlRegDict */,
				4DECC48A0EC2B180008D359E /* DBView.xib */,
				4DECC46D0EC2B109008D359E /* english_help */,
				2A37F4B9FDCFA73011CA2CEA /* Credits.rtf */,
				8D15AC360486D014006FF6A4 /* Info.plist */,
				089C165FFE840EACC02AAC07 /* InfoPlist.strings */,
				1DDD582A0DA1D0D100B32029 /* MainMenu.xib */,
			);
			name = Resources;
			sourceTree = "<group>";
		};
		2A37F4C3FDCFA73011CA2CEA /* Frameworks */ = {
			isa = PBXGroup;
			children = (
				1058C7A6FEA54F5311CA2CBB /* Linked Frameworks */,
				1058C7A8FEA54F5311CA2CBB /* Other Frameworks */,
			);
			name = Frameworks;
			sourceTree = "<group>";
		};
		4D700CF10EC2B97C00C9F09E /* images */ = {
			isa = PBXGroup;
			children = (
				4D700CF20EC2B97C00C9F09E /* appicon.icns */,
				4D700CF30EC2B97C00C9F09E /* clearconsole.tiff */,
				4D700CF40EC2B97C00C9F09E /* CodeAssistantProtocol.tiff */,
				4D700CF50EC2B97C00C9F09E /* columnadd.tiff */,
				4D700CF60EC2B97C00C9F09E /* columncopy.tiff */,
				4D700CF70EC2B97C00C9F09E /* columndelete.tiff */,
				4D700CF80EC2B97C00C9F09E /* columnrefresh.tiff */,
				4D700CF90EC2B97C00C9F09E /* connectionadd.tiff */,
				4D700CFA0EC2B97C00C9F09E /* connectioncopy.tiff */,
				4D700CFB0EC2B97C00C9F09E /* connectiondelete.tiff */,
				4D700CFC0EC2B97C00C9F09E /* connectionrefresh.tiff */,
				4D700CFD0EC2B97C00C9F09E /* createtablesyntax.tiff */,
				4D700CFE0EC2B97C00C9F09E /* databases.tiff */,
				4D700CFF0EC2B97C00C9F09E /* dbadd.tiff */,
				4D700D000EC2B97C00C9F09E /* dbdelete.tiff */,
				4D700D010EC2B97C00C9F09E /* dbrefresh.tiff */,
				4D700D020EC2B97C00C9F09E /* flushprivileges.tiff */,
				4D700D030EC2B97C00C9F09E /* grabber-horizontal.png */,
				4D700D040EC2B97C00C9F09E /* grabber-vertical.png */,
				4D700D050EC2B97C00C9F09E /* hideconsole.tiff */,
				4D700D060EC2B97C00C9F09E /* indexadd.tiff */,
				4D700D070EC2B97C00C9F09E /* indexdelete.tiff */,
				4D700D080EC2B97C00C9F09E /* logo-48.png */,
				4D700D090EC2B97C00C9F09E /* optimizetable.tiff */,
				4D700D0A0EC2B97C00C9F09E /* query.tiff */,
				4D700D0B0EC2B97C00C9F09E /* queryadd.tiff */,
				4D700D0C0EC2B97C00C9F09E /* querycopy.tiff */,
				4D700D0D0EC2B97C00C9F09E /* querydelete.tiff */,
				4D700D0E0EC2B97C00C9F09E /* queryrefresh.tiff */,
				4D700D0F0EC2B97C00C9F09E /* reload.tiff */,
				4D700D100EC2B97C00C9F09E /* rowadd.tiff */,
				4D700D110EC2B97C00C9F09E /* rowcopy.tiff */,
				4D700D120EC2B97C00C9F09E /* rowdelete.tiff */,
				4D700D130EC2B97C00C9F09E /* rowrefresh.tiff */,
				4D700D140EC2B97C00C9F09E /* selectall.tiff */,
				4D700D150EC2B97C00C9F09E /* selectnone.tiff */,
				4D700D160EC2B97C00C9F09E /* sheettotable.tiff */,
				4D700D170EC2B97C00C9F09E /* showconsole.tiff */,
				4D700D180EC2B97C00C9F09E /* showvariables.tiff */,
				4D700D190EC2B97C00C9F09E /* sort-down.tiff */,
				4D700D1A0EC2B97C00C9F09E /* sort-up.tiff */,
				4D700D1B0EC2B97C00C9F09E /* spyglass.tiff */,
				4D700D1C0EC2B97C00C9F09E /* table-small.tif */,
				4D700D1D0EC2B97C00C9F09E /* tableadd.tiff */,
				4D700D1E0EC2B97C00C9F09E /* tablecopy.tiff */,
				4D700D1F0EC2B97C00C9F09E /* tabledelete.tiff */,
				4D700D200EC2B97C00C9F09E /* tablerefresh.tiff */,
				4D700D210EC2B97C00C9F09E /* tables.tiff */,
				4D700D220EC2B97C00C9F09E /* tabletosheet.tiff */,
				4D700D230EC2B97C00C9F09E /* textencode.tiff */,
				4D700D240EC2B97C00C9F09E /* toolbar-switch-to-browse.png */,
				4D700D250EC2B97C00C9F09E /* toolbar-switch-to-sql.png */,
				4D700D260EC2B97C00C9F09E /* toolbar-switch-to-structure.png */,
				4D700D270EC2B97C00C9F09E /* toolbar-switch-to-table-info.png */,
			);
			path = images;
			sourceTree = "<group>";
		};
		4DECC3B20EC2A42B008D359E /* Controllers */ = {
			isa = PBXGroup;
			children = (
				4DECC3BA0EC2A4AD008D359E /* TableDocument.h */,
				4DECC3BB0EC2A4AD008D359E /* TableDocument.m */,
				4DECC3BC0EC2A4AD008D359E /* MainController.h */,
				4DECC3BD0EC2A4AD008D359E /* MainController.m */,
				4DECC3BE0EC2A4AD008D359E /* TableSource.h */,
				4DECC3BF0EC2A4AD008D359E /* TableSource.m */,
				4DECC3C00EC2A4AD008D359E /* TableContent.h */,
				4DECC3C10EC2A4AD008D359E /* TableContent.m */,
				4DECC3C20EC2A4AD008D359E /* CustomQuery.h */,
				4DECC3C30EC2A4AD008D359E /* CustomQuery.m */,
				4DECC3C40EC2A4AD008D359E /* TableDump.h */,
				4DECC3C50EC2A4AD008D359E /* TableDump.m */,
			);
			name = Controllers;
			sourceTree = "<group>";
		};
		4DECC3B30EC2A432008D359E /* Model */ = {
			isa = PBXGroup;
			children = (
				4DECC3CC0EC2A4B9008D359E /* TableStatus.h */,
				4DECC3CD0EC2A4B9008D359E /* TableStatus.m */,
				4DECC3CE0EC2A4B9008D359E /* TablesList.h */,
				4DECC3CF0EC2A4B9008D359E /* TablesList.m */,
				4DECC3D00EC2A4B9008D359E /* SPTableInfo.h */,
				4DECC3D10EC2A4B9008D359E /* SPTableInfo.m */,
			);
			name = Model;
			sourceTree = "<group>";
		};
		4DECC3B40EC2A43E008D359E /* Views */ = {
			isa = PBXGroup;
			children = (
				4DECC3DB0EC2A4D3008D359E /* ImageAndTextCell.h */,
				4DECC3DC0EC2A4D3008D359E /* ImageAndTextCell.m */,
				4DECC3DD0EC2A4D3008D359E /* TableDocumentSplitView.h */,
				4DECC3DE0EC2A4D3008D359E /* TableDocumentSplitView.m */,
			);
			name = Views;
			sourceTree = "<group>";
		};
		4DECC3B50EC2A442008D359E /* Other */ = {
			isa = PBXGroup;
			children = (
				2A37F4B0FDCFA73011CA2CEA /* main.m */,
				32DBCF750370BD2300C91783 /* sequel-pro_Prefix.pch */,
				4DECC3B60EC2A44D008D359E /* KeyChain */,
				4DECC3B70EC2A453008D359E /* MCPKit */,
				4DECC3B80EC2A458008D359E /* GUI */,
				4DECC3B90EC2A45C008D359E /* SSHTunnel */,
			);
			name = Other;
			sourceTree = "<group>";
		};
		4DECC3B60EC2A44D008D359E /* KeyChain */ = {
			isa = PBXGroup;
			children = (
				4DECC3E70EC2A534008D359E /* KeyChain.h */,
				4DECC3E80EC2A534008D359E /* KeyChain.m */,
			);
			name = KeyChain;
			sourceTree = "<group>";
		};
		4DECC3B70EC2A453008D359E /* MCPKit */ = {
			isa = PBXGroup;
			children = (
				4DECC3E10EC2A528008D359E /* CMMCPConnection.h */,
				4DECC3E20EC2A528008D359E /* CMMCPConnection.m */,
				4DECC3E30EC2A528008D359E /* CMMCPResult.h */,
				4DECC3E40EC2A528008D359E /* CMMCPResult.m */,
			);
			name = MCPKit;
			sourceTree = "<group>";
		};
		4DECC3B80EC2A458008D359E /* GUI */ = {
			isa = PBXGroup;
			children = (
				4DECC3EA0EC2A54E008D359E /* CMCopyTable.h */,
				4DECC3EB0EC2A54E008D359E /* CMCopyTable.m */,
				4DECC3EC0EC2A54E008D359E /* CMImageView.h */,
				4DECC3ED0EC2A54E008D359E /* CMImageView.m */,
				4DECC3EE0EC2A54E008D359E /* CMTextView.h */,
				4DECC3EF0EC2A54E008D359E /* CMTextView.m */,
			);
			name = GUI;
			sourceTree = "<group>";
		};
		4DECC3B90EC2A45C008D359E /* SSHTunnel */ = {
			isa = PBXGroup;
			children = (
				4DECC3F30EC2A573008D359E /* SSHTunnel.h */,
				4DECC3F40EC2A573008D359E /* SSHTunnel.m */,
				4DECC3F50EC2A573008D359E /* askForPass.sh */,
				4DECC3F60EC2A573008D359E /* sequel-pro.scriptTerminology */,
				4DECC3F70EC2A573008D359E /* sequel-pro.scriptSuite */,
				4DECC3F80EC2A573008D359E /* SSHTunnel_old.h */,
				4DECC3F90EC2A573008D359E /* SSHTunnel_old.m */,
			);
			name = SSHTunnel;
			sourceTree = "<group>";
		};
/* End PBXGroup section */

/* Begin PBXNativeTarget section */
		8D15AC270486D014006FF6A4 /* Sequel Pro */ = {
			isa = PBXNativeTarget;
			buildConfigurationList = C05733C708A9546B00998B17 /* Build configuration list for PBXNativeTarget "Sequel Pro" */;
			buildPhases = (
				8D15AC2B0486D014006FF6A4 /* Resources */,
				8D15AC300486D014006FF6A4 /* Sources */,
				8D15AC330486D014006FF6A4 /* Frameworks */,
				4DECC4940EC2B447008D359E /* CopyFiles */,
			);
			buildRules = (
			);
			dependencies = (
			);
			name = "Sequel Pro";
			productInstallPath = "$(HOME)/Applications";
			productName = "sequel-pro";
			productReference = 8D15AC370486D014006FF6A4 /* Sequel Pro.app */;
			productType = "com.apple.product-type.application";
		};
/* End PBXNativeTarget section */

/* Begin PBXProject section */
		2A37F4A9FDCFA73011CA2CEA /* Project object */ = {
			isa = PBXProject;
			buildConfigurationList = C05733CB08A9546B00998B17 /* Build configuration list for PBXProject "sequel-pro" */;
			compatibilityVersion = "Xcode 3.1";
			hasScannedForEncodings = 1;
			mainGroup = 2A37F4AAFDCFA73011CA2CEA /* sequel-pro */;
			projectDirPath = "";
			projectRoot = "";
			targets = (
				8D15AC270486D014006FF6A4 /* Sequel Pro */,
			);
		};
/* End PBXProject section */

/* Begin PBXResourcesBuildPhase section */
		8D15AC2B0486D014006FF6A4 /* Resources */ = {
			isa = PBXResourcesBuildPhase;
			buildActionMask = 2147483647;
			files = (
				8D15AC2C0486D014006FF6A4 /* Credits.rtf in Resources */,
				8D15AC2F0486D014006FF6A4 /* InfoPlist.strings in Resources */,
				1DDD582D0DA1D0D100B32029 /* MainMenu.xib in Resources */,
				4DECC3FB0EC2A573008D359E /* askForPass.sh in Resources */,
				4DECC3FC0EC2A573008D359E /* sequel-pro.scriptTerminology in Resources */,
				4DECC3FD0EC2A573008D359E /* sequel-pro.scriptSuite in Resources */,
				4DECC4870EC2B109008D359E /* english_help in Resources */,
				4DECC48C0EC2B180008D359E /* DBView.xib in Resources */,
				4DECC5000EC2B76E008D359E /* Growl Registration Ticket.growlRegDict in Resources */,
				4D700D280EC2B97C00C9F09E /* appicon.icns in Resources */,
				4D700D290EC2B97C00C9F09E /* clearconsole.tiff in Resources */,
				4D700D2A0EC2B97C00C9F09E /* CodeAssistantProtocol.tiff in Resources */,
				4D700D2B0EC2B97C00C9F09E /* columnadd.tiff in Resources */,
				4D700D2C0EC2B97C00C9F09E /* columncopy.tiff in Resources */,
				4D700D2D0EC2B97C00C9F09E /* columndelete.tiff in Resources */,
				4D700D2E0EC2B97C00C9F09E /* columnrefresh.tiff in Resources */,
				4D700D2F0EC2B97C00C9F09E /* connectionadd.tiff in Resources */,
				4D700D300EC2B97C00C9F09E /* connectioncopy.tiff in Resources */,
				4D700D310EC2B97C00C9F09E /* connectiondelete.tiff in Resources */,
				4D700D320EC2B97C00C9F09E /* connectionrefresh.tiff in Resources */,
				4D700D330EC2B97C00C9F09E /* createtablesyntax.tiff in Resources */,
				4D700D340EC2B97C00C9F09E /* databases.tiff in Resources */,
				4D700D350EC2B97C00C9F09E /* dbadd.tiff in Resources */,
				4D700D360EC2B97C00C9F09E /* dbdelete.tiff in Resources */,
				4D700D370EC2B97C00C9F09E /* dbrefresh.tiff in Resources */,
				4D700D380EC2B97C00C9F09E /* flushprivileges.tiff in Resources */,
				4D700D390EC2B97C00C9F09E /* grabber-horizontal.png in Resources */,
				4D700D3A0EC2B97C00C9F09E /* grabber-vertical.png in Resources */,
				4D700D3B0EC2B97C00C9F09E /* hideconsole.tiff in Resources */,
				4D700D3C0EC2B97C00C9F09E /* indexadd.tiff in Resources */,
				4D700D3D0EC2B97C00C9F09E /* indexdelete.tiff in Resources */,
				4D700D3E0EC2B97C00C9F09E /* logo-48.png in Resources */,
				4D700D3F0EC2B97C00C9F09E /* optimizetable.tiff in Resources */,
				4D700D400EC2B97C00C9F09E /* query.tiff in Resources */,
				4D700D410EC2B97C00C9F09E /* queryadd.tiff in Resources */,
				4D700D420EC2B97C00C9F09E /* querycopy.tiff in Resources */,
				4D700D430EC2B97C00C9F09E /* querydelete.tiff in Resources */,
				4D700D440EC2B97C00C9F09E /* queryrefresh.tiff in Resources */,
				4D700D450EC2B97C00C9F09E /* reload.tiff in Resources */,
				4D700D460EC2B97C00C9F09E /* rowadd.tiff in Resources */,
				4D700D470EC2B97C00C9F09E /* rowcopy.tiff in Resources */,
				4D700D480EC2B97C00C9F09E /* rowdelete.tiff in Resources */,
				4D700D490EC2B97C00C9F09E /* rowrefresh.tiff in Resources */,
				4D700D4A0EC2B97C00C9F09E /* selectall.tiff in Resources */,
				4D700D4B0EC2B97C00C9F09E /* selectnone.tiff in Resources */,
				4D700D4C0EC2B97C00C9F09E /* sheettotable.tiff in Resources */,
				4D700D4D0EC2B97C00C9F09E /* showconsole.tiff in Resources */,
				4D700D4E0EC2B97C00C9F09E /* showvariables.tiff in Resources */,
				4D700D4F0EC2B97C00C9F09E /* sort-down.tiff in Resources */,
				4D700D500EC2B97C00C9F09E /* sort-up.tiff in Resources */,
				4D700D510EC2B97C00C9F09E /* spyglass.tiff in Resources */,
				4D700D520EC2B97C00C9F09E /* table-small.tif in Resources */,
				4D700D530EC2B97C00C9F09E /* tableadd.tiff in Resources */,
				4D700D540EC2B97C00C9F09E /* tablecopy.tiff in Resources */,
				4D700D550EC2B97C00C9F09E /* tabledelete.tiff in Resources */,
				4D700D560EC2B97C00C9F09E /* tablerefresh.tiff in Resources */,
				4D700D570EC2B97C00C9F09E /* tables.tiff in Resources */,
				4D700D580EC2B97C00C9F09E /* tabletosheet.tiff in Resources */,
				4D700D590EC2B97C00C9F09E /* textencode.tiff in Resources */,
				4D700D5A0EC2B97C00C9F09E /* toolbar-switch-to-browse.png in Resources */,
				4D700D5B0EC2B97C00C9F09E /* toolbar-switch-to-sql.png in Resources */,
				4D700D5C0EC2B97C00C9F09E /* toolbar-switch-to-structure.png in Resources */,
				4D700D5D0EC2B97C00C9F09E /* toolbar-switch-to-table-info.png in Resources */,
			);
			runOnlyForDeploymentPostprocessing = 0;
		};
/* End PBXResourcesBuildPhase section */

/* Begin PBXSourcesBuildPhase section */
		8D15AC300486D014006FF6A4 /* Sources */ = {
			isa = PBXSourcesBuildPhase;
			buildActionMask = 2147483647;
			files = (
				8D15AC320486D014006FF6A4 /* main.m in Sources */,
				4DECC3C60EC2A4AD008D359E /* TableDocument.m in Sources */,
				4DECC3C70EC2A4AD008D359E /* MainController.m in Sources */,
				4DECC3C80EC2A4AD008D359E /* TableSource.m in Sources */,
				4DECC3C90EC2A4AD008D359E /* TableContent.m in Sources */,
				4DECC3CA0EC2A4AD008D359E /* CustomQuery.m in Sources */,
				4DECC3CB0EC2A4AD008D359E /* TableDump.m in Sources */,
				4DECC3D20EC2A4B9008D359E /* TableStatus.m in Sources */,
				4DECC3D30EC2A4B9008D359E /* TablesList.m in Sources */,
				4DECC3D40EC2A4B9008D359E /* SPTableInfo.m in Sources */,
				4DECC3DF0EC2A4D3008D359E /* ImageAndTextCell.m in Sources */,
				4DECC3E00EC2A4D3008D359E /* TableDocumentSplitView.m in Sources */,
				4DECC3E50EC2A528008D359E /* CMMCPConnection.m in Sources */,
				4DECC3E60EC2A528008D359E /* CMMCPResult.m in Sources */,
				4DECC3E90EC2A534008D359E /* KeyChain.m in Sources */,
				4DECC3F00EC2A54E008D359E /* CMCopyTable.m in Sources */,
				4DECC3F10EC2A54E008D359E /* CMImageView.m in Sources */,
				B5BE825C0ED18C0B00831294 /* CMTextView.m in Sources */,
				4DECC3FA0EC2A573008D359E /* SSHTunnel.m in Sources */,
			);
			runOnlyForDeploymentPostprocessing = 0;
		};
/* End PBXSourcesBuildPhase section */

/* Begin PBXVariantGroup section */
		089C165FFE840EACC02AAC07 /* InfoPlist.strings */ = {
			isa = PBXVariantGroup;
			children = (
				089C1660FE840EACC02AAC07 /* English */,
			);
			name = InfoPlist.strings;
			sourceTree = "<group>";
		};
		1DDD582A0DA1D0D100B32029 /* MainMenu.xib */ = {
			isa = PBXVariantGroup;
			children = (
				1DDD582B0DA1D0D100B32029 /* English */,
			);
			name = MainMenu.xib;
			sourceTree = "<group>";
		};
		2A37F4B9FDCFA73011CA2CEA /* Credits.rtf */ = {
			isa = PBXVariantGroup;
			children = (
				2A37F4BAFDCFA73011CA2CEA /* English */,
			);
			name = Credits.rtf;
			sourceTree = "<group>";
		};
		4DECC46D0EC2B109008D359E /* english_help */ = {
			isa = PBXVariantGroup;
			children = (
				4DECC46E0EC2B109008D359E /* English */,
			);
			name = english_help;
			sourceTree = "<group>";
		};
		4DECC48A0EC2B180008D359E /* DBView.xib */ = {
			isa = PBXVariantGroup;
			children = (
				4DECC48B0EC2B180008D359E /* English */,
			);
			name = DBView.xib;
			sourceTree = "<group>";
		};
/* End PBXVariantGroup section */

/* Begin XCBuildConfiguration section */
		C05733C808A9546B00998B17 /* Debug */ = {
			isa = XCBuildConfiguration;
			buildSettings = {
				ALWAYS_SEARCH_USER_PATHS = NO;
				COPY_PHASE_STRIP = NO;
				FRAMEWORK_SEARCH_PATHS = (
					"$(inherited)",
					"\"$(SRCROOT)\"",
				);
				GCC_DYNAMIC_NO_PIC = NO;
				GCC_ENABLE_FIX_AND_CONTINUE = YES;
				GCC_MODEL_TUNING = G5;
				GCC_OPTIMIZATION_LEVEL = 0;
				GCC_PRECOMPILE_PREFIX_HEADER = YES;
				GCC_PREFIX_HEADER = "sequel-pro_Prefix.pch";
				INFOPLIST_FILE = Info.plist;
				INSTALL_PATH = "$(HOME)/Applications";
				PRODUCT_NAME = "Sequel Pro";
			};
			name = Debug;
		};
		C05733C908A9546B00998B17 /* Release */ = {
			isa = XCBuildConfiguration;
			buildSettings = {
				ALWAYS_SEARCH_USER_PATHS = NO;
				DEBUG_INFORMATION_FORMAT = "dwarf-with-dsym";
				FRAMEWORK_SEARCH_PATHS = (
					"$(inherited)",
					"\"$(SRCROOT)\"",
				);
				GCC_MODEL_TUNING = G5;
				GCC_PRECOMPILE_PREFIX_HEADER = YES;
				GCC_PREFIX_HEADER = "sequel-pro_Prefix.pch";
				INFOPLIST_FILE = Info.plist;
				INSTALL_PATH = "$(HOME)/Applications";
				PRODUCT_NAME = "Sequel Pro";
			};
			name = Release;
		};
		C05733CC08A9546B00998B17 /* Debug */ = {
			isa = XCBuildConfiguration;
			buildSettings = {
				ARCHS = "$(ARCHS_STANDARD_32_BIT)";
				GCC_C_LANGUAGE_STANDARD = c99;
				GCC_OPTIMIZATION_LEVEL = 0;
				GCC_WARN_ABOUT_RETURN_TYPE = YES;
				GCC_WARN_UNUSED_VARIABLE = YES;
				IBC_FLATTEN_NIBS = NO;
				ONLY_ACTIVE_ARCH = YES;
				PREBINDING = NO;
				SDKROOT = macosx10.4;
			};
			name = Debug;
		};
		C05733CD08A9546B00998B17 /* Release */ = {
			isa = XCBuildConfiguration;
			buildSettings = {
				ARCHS = "$(ARCHS_STANDARD_32_BIT)";
				GCC_C_LANGUAGE_STANDARD = c99;
				GCC_WARN_ABOUT_RETURN_TYPE = YES;
				GCC_WARN_UNUSED_VARIABLE = YES;
				PREBINDING = NO;
				SDKROOT = macosx10.4;
			};
			name = Release;
		};
/* End XCBuildConfiguration section */

/* Begin XCConfigurationList section */
		C05733C708A9546B00998B17 /* Build configuration list for PBXNativeTarget "Sequel Pro" */ = {
			isa = XCConfigurationList;
			buildConfigurations = (
				C05733C808A9546B00998B17 /* Debug */,
				C05733C908A9546B00998B17 /* Release */,
			);
			defaultConfigurationIsVisible = 0;
			defaultConfigurationName = Release;
		};
		C05733CB08A9546B00998B17 /* Build configuration list for PBXProject "sequel-pro" */ = {
			isa = XCConfigurationList;
			buildConfigurations = (
				C05733CC08A9546B00998B17 /* Debug */,
				C05733CD08A9546B00998B17 /* Release */,
			);
			defaultConfigurationIsVisible = 0;
			defaultConfigurationName = Release;
		};
/* End XCConfigurationList section */
	};
	rootObject = 2A37F4A9FDCFA73011CA2CEA /* Project object */;
}
