// !$*UTF8*$!
{
	archiveVersion = 1;
	classes = {
	};
	objectVersion = 45;
	objects = {

/* Begin PBXBuildFile section */
		1761FD480EF03A6F00331368 /* MainMenu.xib in Resources */ = {isa = PBXBuildFile; fileRef = 1761FD460EF03A6F00331368 /* MainMenu.xib */; };
		1789343C0F30C1DD0097539A /* SPStringAdditions.m in Sources */ = {isa = PBXBuildFile; fileRef = 1789343B0F30C1DD0097539A /* SPStringAdditions.m */; };
		17E641460EF01EB5001BC333 /* main.m in Sources */ = {isa = PBXBuildFile; fileRef = 17E641440EF01EB5001BC333 /* main.m */; };
		17E641560EF01EF6001BC333 /* CustomQuery.m in Sources */ = {isa = PBXBuildFile; fileRef = 17E641490EF01EF6001BC333 /* CustomQuery.m */; };
		17E641570EF01EF6001BC333 /* MainController.m in Sources */ = {isa = PBXBuildFile; fileRef = 17E6414B0EF01EF6001BC333 /* MainController.m */; };
		17E641580EF01EF6001BC333 /* SPGrowlController.m in Sources */ = {isa = PBXBuildFile; fileRef = 17E6414D0EF01EF6001BC333 /* SPGrowlController.m */; };
		17E641590EF01EF6001BC333 /* TableContent.m in Sources */ = {isa = PBXBuildFile; fileRef = 17E6414F0EF01EF6001BC333 /* TableContent.m */; };
		17E6415A0EF01EF6001BC333 /* TableDocument.m in Sources */ = {isa = PBXBuildFile; fileRef = 17E641510EF01EF6001BC333 /* TableDocument.m */; };
		17E6415B0EF01EF6001BC333 /* TableDump.m in Sources */ = {isa = PBXBuildFile; fileRef = 17E641530EF01EF6001BC333 /* TableDump.m */; };
		17E6415C0EF01EF6001BC333 /* TableSource.m in Sources */ = {isa = PBXBuildFile; fileRef = 17E641550EF01EF6001BC333 /* TableSource.m */; };
		17E641640EF01F15001BC333 /* SPTableInfo.m in Sources */ = {isa = PBXBuildFile; fileRef = 17E6415F0EF01F15001BC333 /* SPTableInfo.m */; };
		17E641650EF01F15001BC333 /* TablesList.m in Sources */ = {isa = PBXBuildFile; fileRef = 17E641610EF01F15001BC333 /* TablesList.m */; };
		17E641660EF01F15001BC333 /* TableStatus.m in Sources */ = {isa = PBXBuildFile; fileRef = 17E641630EF01F15001BC333 /* TableStatus.m */; };
		17E6416C0EF01F37001BC333 /* ImageAndTextCell.m in Sources */ = {isa = PBXBuildFile; fileRef = 17E641690EF01F37001BC333 /* ImageAndTextCell.m */; };
		17E6416D0EF01F37001BC333 /* TableDocumentSplitView.m in Sources */ = {isa = PBXBuildFile; fileRef = 17E6416B0EF01F37001BC333 /* TableDocumentSplitView.m */; };
		17E641750EF01F80001BC333 /* KeyChain.m in Sources */ = {isa = PBXBuildFile; fileRef = 17E641740EF01F80001BC333 /* KeyChain.m */; };
		17E6417A0EF01F95001BC333 /* CMMCPConnection.m in Sources */ = {isa = PBXBuildFile; fileRef = 17E641770EF01F95001BC333 /* CMMCPConnection.m */; };
		17E6417B0EF01F95001BC333 /* CMMCPResult.m in Sources */ = {isa = PBXBuildFile; fileRef = 17E641790EF01F95001BC333 /* CMMCPResult.m */; };
		17E641820EF01FA8001BC333 /* CMCopyTable.m in Sources */ = {isa = PBXBuildFile; fileRef = 17E6417D0EF01FA8001BC333 /* CMCopyTable.m */; };
		17E641830EF01FA8001BC333 /* CMImageView.m in Sources */ = {isa = PBXBuildFile; fileRef = 17E6417F0EF01FA8001BC333 /* CMImageView.m */; };
		17E641840EF01FA8001BC333 /* CMTextView.m in Sources */ = {isa = PBXBuildFile; fileRef = 17E641810EF01FA8001BC333 /* CMTextView.m */; };
		17E641890EF01FB4001BC333 /* SSHTunnel.m in Sources */ = {isa = PBXBuildFile; fileRef = 17E641860EF01FB4001BC333 /* SSHTunnel.m */; };
		17E641C00EF02036001BC333 /* appicon.icns in Resources */ = {isa = PBXBuildFile; fileRef = 17E6418C0EF02036001BC333 /* appicon.icns */; };
		17E641C10EF02036001BC333 /* clearconsole.tiff in Resources */ = {isa = PBXBuildFile; fileRef = 17E6418D0EF02036001BC333 /* clearconsole.tiff */; };
		17E641C30EF02036001BC333 /* columnadd.tiff in Resources */ = {isa = PBXBuildFile; fileRef = 17E6418F0EF02036001BC333 /* columnadd.tiff */; };
		17E641C40EF02036001BC333 /* columncopy.tiff in Resources */ = {isa = PBXBuildFile; fileRef = 17E641900EF02036001BC333 /* columncopy.tiff */; };
		17E641C50EF02036001BC333 /* columndelete.tiff in Resources */ = {isa = PBXBuildFile; fileRef = 17E641910EF02036001BC333 /* columndelete.tiff */; };
		17E641C60EF02036001BC333 /* columnrefresh.tiff in Resources */ = {isa = PBXBuildFile; fileRef = 17E641920EF02036001BC333 /* columnrefresh.tiff */; };
		17E641C70EF02036001BC333 /* connectionadd.tiff in Resources */ = {isa = PBXBuildFile; fileRef = 17E641930EF02036001BC333 /* connectionadd.tiff */; };
		17E641C80EF02036001BC333 /* connectioncopy.tiff in Resources */ = {isa = PBXBuildFile; fileRef = 17E641940EF02036001BC333 /* connectioncopy.tiff */; };
		17E641C90EF02036001BC333 /* connectiondelete.tiff in Resources */ = {isa = PBXBuildFile; fileRef = 17E641950EF02036001BC333 /* connectiondelete.tiff */; };
		17E641CA0EF02036001BC333 /* connectionrefresh.tiff in Resources */ = {isa = PBXBuildFile; fileRef = 17E641960EF02036001BC333 /* connectionrefresh.tiff */; };
		17E641CB0EF02036001BC333 /* createtablesyntax.tiff in Resources */ = {isa = PBXBuildFile; fileRef = 17E641970EF02036001BC333 /* createtablesyntax.tiff */; };
		17E641CC0EF02036001BC333 /* databases.tiff in Resources */ = {isa = PBXBuildFile; fileRef = 17E641980EF02036001BC333 /* databases.tiff */; };
		17E641CD0EF02036001BC333 /* dbadd.tiff in Resources */ = {isa = PBXBuildFile; fileRef = 17E641990EF02036001BC333 /* dbadd.tiff */; };
		17E641CE0EF02036001BC333 /* dbdelete.tiff in Resources */ = {isa = PBXBuildFile; fileRef = 17E6419A0EF02036001BC333 /* dbdelete.tiff */; };
		17E641CF0EF02036001BC333 /* dbrefresh.tiff in Resources */ = {isa = PBXBuildFile; fileRef = 17E6419B0EF02036001BC333 /* dbrefresh.tiff */; };
		17E641D00EF02036001BC333 /* flushprivileges.tiff in Resources */ = {isa = PBXBuildFile; fileRef = 17E6419C0EF02036001BC333 /* flushprivileges.tiff */; };
		17E641D10EF02036001BC333 /* grabber-horizontal.png in Resources */ = {isa = PBXBuildFile; fileRef = 17E6419D0EF02036001BC333 /* grabber-horizontal.png */; };
		17E641D20EF02036001BC333 /* grabber-vertical.png in Resources */ = {isa = PBXBuildFile; fileRef = 17E6419E0EF02036001BC333 /* grabber-vertical.png */; };
		17E641D30EF02036001BC333 /* hideconsole.tiff in Resources */ = {isa = PBXBuildFile; fileRef = 17E6419F0EF02036001BC333 /* hideconsole.tiff */; };
		17E641D40EF02036001BC333 /* indexadd.tiff in Resources */ = {isa = PBXBuildFile; fileRef = 17E641A00EF02036001BC333 /* indexadd.tiff */; };
		17E641D50EF02036001BC333 /* indexdelete.tiff in Resources */ = {isa = PBXBuildFile; fileRef = 17E641A10EF02036001BC333 /* indexdelete.tiff */; };
		17E641D60EF02036001BC333 /* logo-48.png in Resources */ = {isa = PBXBuildFile; fileRef = 17E641A20EF02036001BC333 /* logo-48.png */; };
		17E641D70EF02036001BC333 /* optimizetable.tiff in Resources */ = {isa = PBXBuildFile; fileRef = 17E641A30EF02036001BC333 /* optimizetable.tiff */; };
		17E641D80EF02036001BC333 /* query.tiff in Resources */ = {isa = PBXBuildFile; fileRef = 17E641A40EF02036001BC333 /* query.tiff */; };
		17E641D90EF02036001BC333 /* queryadd.tiff in Resources */ = {isa = PBXBuildFile; fileRef = 17E641A50EF02036001BC333 /* queryadd.tiff */; };
		17E641DA0EF02036001BC333 /* querycopy.tiff in Resources */ = {isa = PBXBuildFile; fileRef = 17E641A60EF02036001BC333 /* querycopy.tiff */; };
		17E641DB0EF02036001BC333 /* querydelete.tiff in Resources */ = {isa = PBXBuildFile; fileRef = 17E641A70EF02036001BC333 /* querydelete.tiff */; };
		17E641DC0EF02036001BC333 /* queryrefresh.tiff in Resources */ = {isa = PBXBuildFile; fileRef = 17E641A80EF02036001BC333 /* queryrefresh.tiff */; };
		17E641DD0EF02036001BC333 /* reload.tiff in Resources */ = {isa = PBXBuildFile; fileRef = 17E641A90EF02036001BC333 /* reload.tiff */; };
		17E641DE0EF02036001BC333 /* rowadd.tiff in Resources */ = {isa = PBXBuildFile; fileRef = 17E641AA0EF02036001BC333 /* rowadd.tiff */; };
		17E641DF0EF02036001BC333 /* rowcopy.tiff in Resources */ = {isa = PBXBuildFile; fileRef = 17E641AB0EF02036001BC333 /* rowcopy.tiff */; };
		17E641E00EF02036001BC333 /* rowdelete.tiff in Resources */ = {isa = PBXBuildFile; fileRef = 17E641AC0EF02036001BC333 /* rowdelete.tiff */; };
		17E641E10EF02036001BC333 /* rowrefresh.tiff in Resources */ = {isa = PBXBuildFile; fileRef = 17E641AD0EF02036001BC333 /* rowrefresh.tiff */; };
		17E641E20EF02036001BC333 /* selectall.tiff in Resources */ = {isa = PBXBuildFile; fileRef = 17E641AE0EF02036001BC333 /* selectall.tiff */; };
		17E641E30EF02036001BC333 /* selectnone.tiff in Resources */ = {isa = PBXBuildFile; fileRef = 17E641AF0EF02036001BC333 /* selectnone.tiff */; };
		17E641E40EF02036001BC333 /* sheettotable.tiff in Resources */ = {isa = PBXBuildFile; fileRef = 17E641B00EF02036001BC333 /* sheettotable.tiff */; };
		17E641E50EF02036001BC333 /* showconsole.tiff in Resources */ = {isa = PBXBuildFile; fileRef = 17E641B10EF02036001BC333 /* showconsole.tiff */; };
		17E641E60EF02036001BC333 /* showvariables.tiff in Resources */ = {isa = PBXBuildFile; fileRef = 17E641B20EF02036001BC333 /* showvariables.tiff */; };
		17E641E70EF02036001BC333 /* spyglass.tiff in Resources */ = {isa = PBXBuildFile; fileRef = 17E641B30EF02036001BC333 /* spyglass.tiff */; };
		17E641E80EF02036001BC333 /* table-small.tif in Resources */ = {isa = PBXBuildFile; fileRef = 17E641B40EF02036001BC333 /* table-small.tif */; };
		17E641E90EF02036001BC333 /* tableadd.tiff in Resources */ = {isa = PBXBuildFile; fileRef = 17E641B50EF02036001BC333 /* tableadd.tiff */; };
		17E641EA0EF02036001BC333 /* tablecopy.tiff in Resources */ = {isa = PBXBuildFile; fileRef = 17E641B60EF02036001BC333 /* tablecopy.tiff */; };
		17E641EB0EF02036001BC333 /* tabledelete.tiff in Resources */ = {isa = PBXBuildFile; fileRef = 17E641B70EF02036001BC333 /* tabledelete.tiff */; };
		17E641EC0EF02036001BC333 /* tablerefresh.tiff in Resources */ = {isa = PBXBuildFile; fileRef = 17E641B80EF02036001BC333 /* tablerefresh.tiff */; };
		17E641ED0EF02036001BC333 /* tables.tiff in Resources */ = {isa = PBXBuildFile; fileRef = 17E641B90EF02036001BC333 /* tables.tiff */; };
		17E641EE0EF02036001BC333 /* tabletosheet.tiff in Resources */ = {isa = PBXBuildFile; fileRef = 17E641BA0EF02036001BC333 /* tabletosheet.tiff */; };
		17E641EF0EF02036001BC333 /* textencode.tiff in Resources */ = {isa = PBXBuildFile; fileRef = 17E641BB0EF02036001BC333 /* textencode.tiff */; };
		17E641F00EF02036001BC333 /* toolbar-switch-to-browse.png in Resources */ = {isa = PBXBuildFile; fileRef = 17E641BC0EF02036001BC333 /* toolbar-switch-to-browse.png */; };
		17E641F10EF02036001BC333 /* toolbar-switch-to-sql.png in Resources */ = {isa = PBXBuildFile; fileRef = 17E641BD0EF02036001BC333 /* toolbar-switch-to-sql.png */; };
		17E641F20EF02036001BC333 /* toolbar-switch-to-structure.png in Resources */ = {isa = PBXBuildFile; fileRef = 17E641BE0EF02036001BC333 /* toolbar-switch-to-structure.png */; };
		17E641F30EF02036001BC333 /* toolbar-switch-to-table-info.png in Resources */ = {isa = PBXBuildFile; fileRef = 17E641BF0EF02036001BC333 /* toolbar-switch-to-table-info.png */; };
		17E641F90EF02088001BC333 /* askForPass.sh in Resources */ = {isa = PBXBuildFile; fileRef = 17E641F40EF02088001BC333 /* askForPass.sh */; };
		17E641FA0EF02088001BC333 /* Growl Registration Ticket.growlRegDict in Resources */ = {isa = PBXBuildFile; fileRef = 17E641F50EF02088001BC333 /* Growl Registration Ticket.growlRegDict */; };
		17E641FC0EF02088001BC333 /* sequel-pro.scriptSuite in Resources */ = {isa = PBXBuildFile; fileRef = 17E641F70EF02088001BC333 /* sequel-pro.scriptSuite */; };
		17E641FD0EF02088001BC333 /* sequel-pro.scriptTerminology in Resources */ = {isa = PBXBuildFile; fileRef = 17E641F80EF02088001BC333 /* sequel-pro.scriptTerminology */; };
		17E6420A0EF020CB001BC333 /* DBView.xib in Resources */ = {isa = PBXBuildFile; fileRef = 17E642060EF020CB001BC333 /* DBView.xib */; };
		17E6423B0EF0216C001BC333 /* Credits.rtf in Resources */ = {isa = PBXBuildFile; fileRef = 17E642390EF0216C001BC333 /* Credits.rtf */; };
		17E6423E0EF0218B001BC333 /* InfoPlist.strings in Resources */ = {isa = PBXBuildFile; fileRef = 17E6423C0EF0218B001BC333 /* InfoPlist.strings */; };
		4DECC3350EC2A170008D359E /* Sparkle.framework in Frameworks */ = {isa = PBXBuildFile; fileRef = 4DECC3320EC2A170008D359E /* Sparkle.framework */; };
		4DECC3360EC2A170008D359E /* MCPKit_bundled.framework in Frameworks */ = {isa = PBXBuildFile; fileRef = 4DECC3330EC2A170008D359E /* MCPKit_bundled.framework */; };
		4DECC3370EC2A170008D359E /* Growl.framework in Frameworks */ = {isa = PBXBuildFile; fileRef = 4DECC3340EC2A170008D359E /* Growl.framework */; };
		4DECC48F0EC2B436008D359E /* Sparkle.framework in CopyFiles */ = {isa = PBXBuildFile; fileRef = 4DECC3320EC2A170008D359E /* Sparkle.framework */; };
		4DECC4900EC2B436008D359E /* MCPKit_bundled.framework in CopyFiles */ = {isa = PBXBuildFile; fileRef = 4DECC3330EC2A170008D359E /* MCPKit_bundled.framework */; };
		4DECC4910EC2B436008D359E /* Growl.framework in CopyFiles */ = {isa = PBXBuildFile; fileRef = 4DECC3340EC2A170008D359E /* Growl.framework */; };
		8D15AC340486D014006FF6A4 /* Cocoa.framework in Frameworks */ = {isa = PBXBuildFile; fileRef = 1058C7A7FEA54F5311CA2CBB /* Cocoa.framework */; };
		B5E2C5FA0F2353B5007446E0 /* TablePropertyIcon.png in Resources */ = {isa = PBXBuildFile; fileRef = B5E2C5F90F2353B5007446E0 /* TablePropertyIcon.png */; };
		B5EAC0FD0EC87FF900CC579C /* Security.framework in Frameworks */ = {isa = PBXBuildFile; fileRef = B5EAC0FC0EC87FF900CC579C /* Security.framework */; };
/* End PBXBuildFile section */

/* Begin PBXCopyFilesBuildPhase section */
		4DECC4940EC2B447008D359E /* CopyFiles */ = {
			isa = PBXCopyFilesBuildPhase;
			buildActionMask = 2147483647;
			dstPath = "";
			dstSubfolderSpec = 10;
			files = (
				4DECC48F0EC2B436008D359E /* Sparkle.framework in CopyFiles */,
				4DECC4900EC2B436008D359E /* MCPKit_bundled.framework in CopyFiles */,
				4DECC4910EC2B436008D359E /* Growl.framework in CopyFiles */,
			);
			runOnlyForDeploymentPostprocessing = 0;
		};
/* End PBXCopyFilesBuildPhase section */

/* Begin PBXFileReference section */
		1058C7A7FEA54F5311CA2CBB /* Cocoa.framework */ = {isa = PBXFileReference; lastKnownFileType = wrapper.framework; name = Cocoa.framework; path = /System/Library/Frameworks/Cocoa.framework; sourceTree = "<absolute>"; };
		1703EF2B0F0B0742005BBE7E /* bar.gif */ = {isa = PBXFileReference; lastKnownFileType = image.gif; path = bar.gif; sourceTree = "<group>"; };
		1703EF2C0F0B0742005BBE7E /* english_help idx */ = {isa = PBXFileReference; lastKnownFileType = file; path = "english_help idx"; sourceTree = "<group>"; };
		1703EF2D0F0B0742005BBE7E /* icon.gif */ = {isa = PBXFileReference; lastKnownFileType = image.gif; path = icon.gif; sourceTree = "<group>"; };
		1703EF2E0F0B0742005BBE7E /* index.html */ = {isa = PBXFileReference; fileEncoding = 4; lastKnownFileType = text.html; path = index.html; sourceTree = "<group>"; };
		1703EF2F0F0B0742005BBE7E /* sequel-pro_logo.jpg */ = {isa = PBXFileReference; lastKnownFileType = image.jpeg; path = "sequel-pro_logo.jpg"; sourceTree = "<group>"; };
		1703EF310F0B0742005BBE7E /* bar.gif */ = {isa = PBXFileReference; lastKnownFileType = image.gif; path = bar.gif; sourceTree = "<group>"; };
		1703EF320F0B0742005BBE7E /* connect.html */ = {isa = PBXFileReference; fileEncoding = 4; lastKnownFileType = text.html; path = connect.html; sourceTree = "<group>"; };
		1703EF330F0B0742005BBE7E /* connect.jpg */ = {isa = PBXFileReference; lastKnownFileType = image.jpeg; path = connect.jpg; sourceTree = "<group>"; };
		1703EF340F0B0742005BBE7E /* console.html */ = {isa = PBXFileReference; fileEncoding = 4; lastKnownFileType = text.html; path = console.html; sourceTree = "<group>"; };
		1703EF350F0B0742005BBE7E /* data.html */ = {isa = PBXFileReference; fileEncoding = 4; lastKnownFileType = text.html; path = data.html; sourceTree = "<group>"; };
		1703EF360F0B0742005BBE7E /* dump.html */ = {isa = PBXFileReference; fileEncoding = 4; lastKnownFileType = text.html; path = dump.html; sourceTree = "<group>"; };
		1703EF370F0B0742005BBE7E /* encoding.html */ = {isa = PBXFileReference; fileEncoding = 4; lastKnownFileType = text.html; path = encoding.html; sourceTree = "<group>"; };
		1703EF380F0B0742005BBE7E /* preferences.html */ = {isa = PBXFileReference; fileEncoding = 4; lastKnownFileType = text.html; path = preferences.html; sourceTree = "<group>"; };
		1703EF390F0B0742005BBE7E /* preferences.jpg */ = {isa = PBXFileReference; lastKnownFileType = image.jpeg; path = preferences.jpg; sourceTree = "<group>"; };
		1703EF3A0F0B0742005BBE7E /* query.html */ = {isa = PBXFileReference; fileEncoding = 4; lastKnownFileType = text.html; path = query.html; sourceTree = "<group>"; };
		1703EF3B0F0B0742005BBE7E /* reference.html */ = {isa = PBXFileReference; fileEncoding = 4; lastKnownFileType = text.html; path = reference.html; sourceTree = "<group>"; };
		1703EF3C0F0B0742005BBE7E /* sample_query.html */ = {isa = PBXFileReference; fileEncoding = 4; lastKnownFileType = text.html; path = sample_query.html; sourceTree = "<group>"; };
		1703EF3D0F0B0742005BBE7E /* sample_tables.html */ = {isa = PBXFileReference; fileEncoding = 4; lastKnownFileType = text.html; path = sample_tables.html; sourceTree = "<group>"; };
		1703EF3E0F0B0742005BBE7E /* sequel-pro_logo.jpg */ = {isa = PBXFileReference; lastKnownFileType = image.jpeg; path = "sequel-pro_logo.jpg"; sourceTree = "<group>"; };
		1703EF3F0F0B0742005BBE7E /* syntax.html */ = {isa = PBXFileReference; fileEncoding = 4; lastKnownFileType = text.html; path = syntax.html; sourceTree = "<group>"; };
		1703EF400F0B0742005BBE7E /* tables.html */ = {isa = PBXFileReference; fileEncoding = 4; lastKnownFileType = text.html; path = tables.html; sourceTree = "<group>"; };
		1761FD470EF03A6F00331368 /* English */ = {isa = PBXFileReference; lastKnownFileType = file.xib; name = English; path = English.lproj/MainMenu.xib; sourceTree = "<group>"; };
		1761FD9D0EF0488900331368 /* build-version.pl */ = {isa = PBXFileReference; fileEncoding = 4; lastKnownFileType = text.script.perl; path = "build-version.pl"; sourceTree = "<group>"; };
		1789343A0F30C1DD0097539A /* SPStringAdditions.h */ = {isa = PBXFileReference; fileEncoding = 4; lastKnownFileType = sourcecode.c.h; path = SPStringAdditions.h; sourceTree = "<group>"; };
		1789343B0F30C1DD0097539A /* SPStringAdditions.m */ = {isa = PBXFileReference; fileEncoding = 4; lastKnownFileType = sourcecode.c.objc; path = SPStringAdditions.m; sourceTree = "<group>"; };
		178934980F30CDA10097539A /* trim-application.sh */ = {isa = PBXFileReference; fileEncoding = 4; lastKnownFileType = text.script.sh; path = "trim-application.sh"; sourceTree = "<group>"; };
		17E641440EF01EB5001BC333 /* main.m */ = {isa = PBXFileReference; fileEncoding = 4; lastKnownFileType = sourcecode.c.objc; path = main.m; sourceTree = "<group>"; };
		17E641450EF01EB5001BC333 /* sequel-pro_Prefix.pch */ = {isa = PBXFileReference; fileEncoding = 4; lastKnownFileType = sourcecode.c.h; path = "sequel-pro_Prefix.pch"; sourceTree = "<group>"; };
		17E641480EF01EF6001BC333 /* CustomQuery.h */ = {isa = PBXFileReference; fileEncoding = 4; lastKnownFileType = sourcecode.c.h; path = CustomQuery.h; sourceTree = "<group>"; };
		17E641490EF01EF6001BC333 /* CustomQuery.m */ = {isa = PBXFileReference; fileEncoding = 4; lastKnownFileType = sourcecode.c.objc; path = CustomQuery.m; sourceTree = "<group>"; };
		17E6414A0EF01EF6001BC333 /* MainController.h */ = {isa = PBXFileReference; fileEncoding = 4; lastKnownFileType = sourcecode.c.h; path = MainController.h; sourceTree = "<group>"; };
		17E6414B0EF01EF6001BC333 /* MainController.m */ = {isa = PBXFileReference; fileEncoding = 4; lastKnownFileType = sourcecode.c.objc; path = MainController.m; sourceTree = "<group>"; };
		17E6414C0EF01EF6001BC333 /* SPGrowlController.h */ = {isa = PBXFileReference; fileEncoding = 4; lastKnownFileType = sourcecode.c.h; path = SPGrowlController.h; sourceTree = "<group>"; };
		17E6414D0EF01EF6001BC333 /* SPGrowlController.m */ = {isa = PBXFileReference; fileEncoding = 4; lastKnownFileType = sourcecode.c.objc; path = SPGrowlController.m; sourceTree = "<group>"; };
		17E6414E0EF01EF6001BC333 /* TableContent.h */ = {isa = PBXFileReference; fileEncoding = 4; lastKnownFileType = sourcecode.c.h; path = TableContent.h; sourceTree = "<group>"; };
		17E6414F0EF01EF6001BC333 /* TableContent.m */ = {isa = PBXFileReference; fileEncoding = 4; lastKnownFileType = sourcecode.c.objc; path = TableContent.m; sourceTree = "<group>"; };
		17E641500EF01EF6001BC333 /* TableDocument.h */ = {isa = PBXFileReference; fileEncoding = 4; lastKnownFileType = sourcecode.c.h; path = TableDocument.h; sourceTree = "<group>"; };
		17E641510EF01EF6001BC333 /* TableDocument.m */ = {isa = PBXFileReference; fileEncoding = 4; lastKnownFileType = sourcecode.c.objc; path = TableDocument.m; sourceTree = "<group>"; };
		17E641520EF01EF6001BC333 /* TableDump.h */ = {isa = PBXFileReference; fileEncoding = 4; lastKnownFileType = sourcecode.c.h; path = TableDump.h; sourceTree = "<group>"; };
		17E641530EF01EF6001BC333 /* TableDump.m */ = {isa = PBXFileReference; fileEncoding = 4; lastKnownFileType = sourcecode.c.objc; path = TableDump.m; sourceTree = "<group>"; };
		17E641540EF01EF6001BC333 /* TableSource.h */ = {isa = PBXFileReference; fileEncoding = 4; lastKnownFileType = sourcecode.c.h; path = TableSource.h; sourceTree = "<group>"; };
		17E641550EF01EF6001BC333 /* TableSource.m */ = {isa = PBXFileReference; fileEncoding = 4; lastKnownFileType = sourcecode.c.objc; path = TableSource.m; sourceTree = "<group>"; };
		17E6415E0EF01F15001BC333 /* SPTableInfo.h */ = {isa = PBXFileReference; fileEncoding = 4; lastKnownFileType = sourcecode.c.h; path = SPTableInfo.h; sourceTree = "<group>"; };
		17E6415F0EF01F15001BC333 /* SPTableInfo.m */ = {isa = PBXFileReference; fileEncoding = 4; lastKnownFileType = sourcecode.c.objc; path = SPTableInfo.m; sourceTree = "<group>"; };
		17E641600EF01F15001BC333 /* TablesList.h */ = {isa = PBXFileReference; fileEncoding = 4; lastKnownFileType = sourcecode.c.h; path = TablesList.h; sourceTree = "<group>"; };
		17E641610EF01F15001BC333 /* TablesList.m */ = {isa = PBXFileReference; fileEncoding = 4; lastKnownFileType = sourcecode.c.objc; path = TablesList.m; sourceTree = "<group>"; };
		17E641620EF01F15001BC333 /* TableStatus.h */ = {isa = PBXFileReference; fileEncoding = 4; lastKnownFileType = sourcecode.c.h; path = TableStatus.h; sourceTree = "<group>"; };
		17E641630EF01F15001BC333 /* TableStatus.m */ = {isa = PBXFileReference; fileEncoding = 4; lastKnownFileType = sourcecode.c.objc; path = TableStatus.m; sourceTree = "<group>"; };
		17E641680EF01F37001BC333 /* ImageAndTextCell.h */ = {isa = PBXFileReference; fileEncoding = 4; lastKnownFileType = sourcecode.c.h; path = ImageAndTextCell.h; sourceTree = "<group>"; };
		17E641690EF01F37001BC333 /* ImageAndTextCell.m */ = {isa = PBXFileReference; fileEncoding = 4; lastKnownFileType = sourcecode.c.objc; path = ImageAndTextCell.m; sourceTree = "<group>"; };
		17E6416A0EF01F37001BC333 /* TableDocumentSplitView.h */ = {isa = PBXFileReference; fileEncoding = 4; lastKnownFileType = sourcecode.c.h; path = TableDocumentSplitView.h; sourceTree = "<group>"; };
		17E6416B0EF01F37001BC333 /* TableDocumentSplitView.m */ = {isa = PBXFileReference; fileEncoding = 4; lastKnownFileType = sourcecode.c.objc; path = TableDocumentSplitView.m; sourceTree = "<group>"; };
		17E641730EF01F80001BC333 /* KeyChain.h */ = {isa = PBXFileReference; fileEncoding = 4; lastKnownFileType = sourcecode.c.h; path = KeyChain.h; sourceTree = "<group>"; };
		17E641740EF01F80001BC333 /* KeyChain.m */ = {isa = PBXFileReference; fileEncoding = 4; lastKnownFileType = sourcecode.c.objc; path = KeyChain.m; sourceTree = "<group>"; };
		17E641760EF01F95001BC333 /* CMMCPConnection.h */ = {isa = PBXFileReference; fileEncoding = 4; lastKnownFileType = sourcecode.c.h; path = CMMCPConnection.h; sourceTree = "<group>"; };
		17E641770EF01F95001BC333 /* CMMCPConnection.m */ = {isa = PBXFileReference; fileEncoding = 4; lastKnownFileType = sourcecode.c.objc; path = CMMCPConnection.m; sourceTree = "<group>"; };
		17E641780EF01F95001BC333 /* CMMCPResult.h */ = {isa = PBXFileReference; fileEncoding = 4; lastKnownFileType = sourcecode.c.h; path = CMMCPResult.h; sourceTree = "<group>"; };
		17E641790EF01F95001BC333 /* CMMCPResult.m */ = {isa = PBXFileReference; fileEncoding = 4; lastKnownFileType = sourcecode.c.objc; path = CMMCPResult.m; sourceTree = "<group>"; };
		17E6417C0EF01FA8001BC333 /* CMCopyTable.h */ = {isa = PBXFileReference; fileEncoding = 4; lastKnownFileType = sourcecode.c.h; path = CMCopyTable.h; sourceTree = "<group>"; };
		17E6417D0EF01FA8001BC333 /* CMCopyTable.m */ = {isa = PBXFileReference; fileEncoding = 4; lastKnownFileType = sourcecode.c.objc; path = CMCopyTable.m; sourceTree = "<group>"; };
		17E6417E0EF01FA8001BC333 /* CMImageView.h */ = {isa = PBXFileReference; fileEncoding = 4; lastKnownFileType = sourcecode.c.h; path = CMImageView.h; sourceTree = "<group>"; };
		17E6417F0EF01FA8001BC333 /* CMImageView.m */ = {isa = PBXFileReference; fileEncoding = 4; lastKnownFileType = sourcecode.c.objc; path = CMImageView.m; sourceTree = "<group>"; };
		17E641800EF01FA8001BC333 /* CMTextView.h */ = {isa = PBXFileReference; fileEncoding = 4; lastKnownFileType = sourcecode.c.h; path = CMTextView.h; sourceTree = "<group>"; };
		17E641810EF01FA8001BC333 /* CMTextView.m */ = {isa = PBXFileReference; fileEncoding = 4; lastKnownFileType = sourcecode.c.objc; path = CMTextView.m; sourceTree = "<group>"; };
		17E641850EF01FB4001BC333 /* SSHTunnel.h */ = {isa = PBXFileReference; fileEncoding = 4; lastKnownFileType = sourcecode.c.h; path = SSHTunnel.h; sourceTree = "<group>"; };
		17E641860EF01FB4001BC333 /* SSHTunnel.m */ = {isa = PBXFileReference; fileEncoding = 4; lastKnownFileType = sourcecode.c.objc; path = SSHTunnel.m; sourceTree = "<group>"; };
		17E6418C0EF02036001BC333 /* appicon.icns */ = {isa = PBXFileReference; lastKnownFileType = image.icns; path = appicon.icns; sourceTree = "<group>"; };
		17E6418D0EF02036001BC333 /* clearconsole.tiff */ = {isa = PBXFileReference; lastKnownFileType = image.tiff; path = clearconsole.tiff; sourceTree = "<group>"; };
		17E6418F0EF02036001BC333 /* columnadd.tiff */ = {isa = PBXFileReference; lastKnownFileType = image.tiff; path = columnadd.tiff; sourceTree = "<group>"; };
		17E641900EF02036001BC333 /* columncopy.tiff */ = {isa = PBXFileReference; lastKnownFileType = image.tiff; path = columncopy.tiff; sourceTree = "<group>"; };
		17E641910EF02036001BC333 /* columndelete.tiff */ = {isa = PBXFileReference; lastKnownFileType = image.tiff; path = columndelete.tiff; sourceTree = "<group>"; };
		17E641920EF02036001BC333 /* columnrefresh.tiff */ = {isa = PBXFileReference; lastKnownFileType = image.tiff; path = columnrefresh.tiff; sourceTree = "<group>"; };
		17E641930EF02036001BC333 /* connectionadd.tiff */ = {isa = PBXFileReference; lastKnownFileType = image.tiff; path = connectionadd.tiff; sourceTree = "<group>"; };
		17E641940EF02036001BC333 /* connectioncopy.tiff */ = {isa = PBXFileReference; lastKnownFileType = image.tiff; path = connectioncopy.tiff; sourceTree = "<group>"; };
		17E641950EF02036001BC333 /* connectiondelete.tiff */ = {isa = PBXFileReference; lastKnownFileType = image.tiff; path = connectiondelete.tiff; sourceTree = "<group>"; };
		17E641960EF02036001BC333 /* connectionrefresh.tiff */ = {isa = PBXFileReference; lastKnownFileType = image.tiff; path = connectionrefresh.tiff; sourceTree = "<group>"; };
		17E641970EF02036001BC333 /* createtablesyntax.tiff */ = {isa = PBXFileReference; lastKnownFileType = image.tiff; path = createtablesyntax.tiff; sourceTree = "<group>"; };
		17E641980EF02036001BC333 /* databases.tiff */ = {isa = PBXFileReference; lastKnownFileType = image.tiff; path = databases.tiff; sourceTree = "<group>"; };
		17E641990EF02036001BC333 /* dbadd.tiff */ = {isa = PBXFileReference; lastKnownFileType = image.tiff; path = dbadd.tiff; sourceTree = "<group>"; };
		17E6419A0EF02036001BC333 /* dbdelete.tiff */ = {isa = PBXFileReference; lastKnownFileType = image.tiff; path = dbdelete.tiff; sourceTree = "<group>"; };
		17E6419B0EF02036001BC333 /* dbrefresh.tiff */ = {isa = PBXFileReference; lastKnownFileType = image.tiff; path = dbrefresh.tiff; sourceTree = "<group>"; };
		17E6419C0EF02036001BC333 /* flushprivileges.tiff */ = {isa = PBXFileReference; lastKnownFileType = image.tiff; path = flushprivileges.tiff; sourceTree = "<group>"; };
		17E6419D0EF02036001BC333 /* grabber-horizontal.png */ = {isa = PBXFileReference; lastKnownFileType = image.png; path = "grabber-horizontal.png"; sourceTree = "<group>"; };
		17E6419E0EF02036001BC333 /* grabber-vertical.png */ = {isa = PBXFileReference; lastKnownFileType = image.png; path = "grabber-vertical.png"; sourceTree = "<group>"; };
		17E6419F0EF02036001BC333 /* hideconsole.tiff */ = {isa = PBXFileReference; lastKnownFileType = image.tiff; path = hideconsole.tiff; sourceTree = "<group>"; };
		17E641A00EF02036001BC333 /* indexadd.tiff */ = {isa = PBXFileReference; lastKnownFileType = image.tiff; path = indexadd.tiff; sourceTree = "<group>"; };
		17E641A10EF02036001BC333 /* indexdelete.tiff */ = {isa = PBXFileReference; lastKnownFileType = image.tiff; path = indexdelete.tiff; sourceTree = "<group>"; };
		17E641A20EF02036001BC333 /* logo-48.png */ = {isa = PBXFileReference; lastKnownFileType = image.png; path = "logo-48.png"; sourceTree = "<group>"; };
		17E641A30EF02036001BC333 /* optimizetable.tiff */ = {isa = PBXFileReference; lastKnownFileType = image.tiff; path = optimizetable.tiff; sourceTree = "<group>"; };
		17E641A40EF02036001BC333 /* query.tiff */ = {isa = PBXFileReference; lastKnownFileType = image.tiff; path = query.tiff; sourceTree = "<group>"; };
		17E641A50EF02036001BC333 /* queryadd.tiff */ = {isa = PBXFileReference; lastKnownFileType = image.tiff; path = queryadd.tiff; sourceTree = "<group>"; };
		17E641A60EF02036001BC333 /* querycopy.tiff */ = {isa = PBXFileReference; lastKnownFileType = image.tiff; path = querycopy.tiff; sourceTree = "<group>"; };
		17E641A70EF02036001BC333 /* querydelete.tiff */ = {isa = PBXFileReference; lastKnownFileType = image.tiff; path = querydelete.tiff; sourceTree = "<group>"; };
		17E641A80EF02036001BC333 /* queryrefresh.tiff */ = {isa = PBXFileReference; lastKnownFileType = image.tiff; path = queryrefresh.tiff; sourceTree = "<group>"; };
		17E641A90EF02036001BC333 /* reload.tiff */ = {isa = PBXFileReference; lastKnownFileType = image.tiff; path = reload.tiff; sourceTree = "<group>"; };
		17E641AA0EF02036001BC333 /* rowadd.tiff */ = {isa = PBXFileReference; lastKnownFileType = image.tiff; path = rowadd.tiff; sourceTree = "<group>"; };
		17E641AB0EF02036001BC333 /* rowcopy.tiff */ = {isa = PBXFileReference; lastKnownFileType = image.tiff; path = rowcopy.tiff; sourceTree = "<group>"; };
		17E641AC0EF02036001BC333 /* rowdelete.tiff */ = {isa = PBXFileReference; lastKnownFileType = image.tiff; path = rowdelete.tiff; sourceTree = "<group>"; };
		17E641AD0EF02036001BC333 /* rowrefresh.tiff */ = {isa = PBXFileReference; lastKnownFileType = image.tiff; path = rowrefresh.tiff; sourceTree = "<group>"; };
		17E641AE0EF02036001BC333 /* selectall.tiff */ = {isa = PBXFileReference; lastKnownFileType = image.tiff; path = selectall.tiff; sourceTree = "<group>"; };
		17E641AF0EF02036001BC333 /* selectnone.tiff */ = {isa = PBXFileReference; lastKnownFileType = image.tiff; path = selectnone.tiff; sourceTree = "<group>"; };
		17E641B00EF02036001BC333 /* sheettotable.tiff */ = {isa = PBXFileReference; lastKnownFileType = image.tiff; path = sheettotable.tiff; sourceTree = "<group>"; };
		17E641B10EF02036001BC333 /* showconsole.tiff */ = {isa = PBXFileReference; lastKnownFileType = image.tiff; path = showconsole.tiff; sourceTree = "<group>"; };
		17E641B20EF02036001BC333 /* showvariables.tiff */ = {isa = PBXFileReference; lastKnownFileType = image.tiff; path = showvariables.tiff; sourceTree = "<group>"; };
		17E641B30EF02036001BC333 /* spyglass.tiff */ = {isa = PBXFileReference; lastKnownFileType = image.tiff; path = spyglass.tiff; sourceTree = "<group>"; };
		17E641B40EF02036001BC333 /* table-small.tif */ = {isa = PBXFileReference; lastKnownFileType = image.tiff; path = "table-small.tif"; sourceTree = "<group>"; };
		17E641B50EF02036001BC333 /* tableadd.tiff */ = {isa = PBXFileReference; lastKnownFileType = image.tiff; path = tableadd.tiff; sourceTree = "<group>"; };
		17E641B60EF02036001BC333 /* tablecopy.tiff */ = {isa = PBXFileReference; lastKnownFileType = image.tiff; path = tablecopy.tiff; sourceTree = "<group>"; };
		17E641B70EF02036001BC333 /* tabledelete.tiff */ = {isa = PBXFileReference; lastKnownFileType = image.tiff; path = tabledelete.tiff; sourceTree = "<group>"; };
		17E641B80EF02036001BC333 /* tablerefresh.tiff */ = {isa = PBXFileReference; lastKnownFileType = image.tiff; path = tablerefresh.tiff; sourceTree = "<group>"; };
		17E641B90EF02036001BC333 /* tables.tiff */ = {isa = PBXFileReference; lastKnownFileType = image.tiff; path = tables.tiff; sourceTree = "<group>"; };
		17E641BA0EF02036001BC333 /* tabletosheet.tiff */ = {isa = PBXFileReference; lastKnownFileType = image.tiff; path = tabletosheet.tiff; sourceTree = "<group>"; };
		17E641BB0EF02036001BC333 /* textencode.tiff */ = {isa = PBXFileReference; lastKnownFileType = image.tiff; path = textencode.tiff; sourceTree = "<group>"; };
		17E641BC0EF02036001BC333 /* toolbar-switch-to-browse.png */ = {isa = PBXFileReference; lastKnownFileType = image.png; path = "toolbar-switch-to-browse.png"; sourceTree = "<group>"; };
		17E641BD0EF02036001BC333 /* toolbar-switch-to-sql.png */ = {isa = PBXFileReference; lastKnownFileType = image.png; path = "toolbar-switch-to-sql.png"; sourceTree = "<group>"; };
		17E641BE0EF02036001BC333 /* toolbar-switch-to-structure.png */ = {isa = PBXFileReference; lastKnownFileType = image.png; path = "toolbar-switch-to-structure.png"; sourceTree = "<group>"; };
		17E641BF0EF02036001BC333 /* toolbar-switch-to-table-info.png */ = {isa = PBXFileReference; lastKnownFileType = image.png; path = "toolbar-switch-to-table-info.png"; sourceTree = "<group>"; };
		17E641F40EF02088001BC333 /* askForPass.sh */ = {isa = PBXFileReference; fileEncoding = 4; lastKnownFileType = text.script.sh; path = askForPass.sh; sourceTree = "<group>"; };
		17E641F50EF02088001BC333 /* Growl Registration Ticket.growlRegDict */ = {isa = PBXFileReference; fileEncoding = 4; lastKnownFileType = text.xml; path = "Growl Registration Ticket.growlRegDict"; sourceTree = "<group>"; };
		17E641F60EF02088001BC333 /* Info.plist */ = {isa = PBXFileReference; fileEncoding = 4; lastKnownFileType = text.plist.xml; path = Info.plist; sourceTree = "<group>"; };
		17E641F70EF02088001BC333 /* sequel-pro.scriptSuite */ = {isa = PBXFileReference; fileEncoding = 4; lastKnownFileType = text.plist.scriptSuite; path = "sequel-pro.scriptSuite"; sourceTree = "<group>"; };
		17E641F80EF02088001BC333 /* sequel-pro.scriptTerminology */ = {isa = PBXFileReference; fileEncoding = 4; lastKnownFileType = text.plist.scriptTerminology; path = "sequel-pro.scriptTerminology"; sourceTree = "<group>"; };
		17E642070EF020CB001BC333 /* English */ = {isa = PBXFileReference; lastKnownFileType = file.xib; name = English; path = English.lproj/DBView.xib; sourceTree = "<group>"; };
		17E6423A0EF0216C001BC333 /* English */ = {isa = PBXFileReference; lastKnownFileType = text.rtf; name = English; path = Interfaces/English.lproj/Credits.rtf; sourceTree = SOURCE_ROOT; };
		17E6423D0EF0218B001BC333 /* English */ = {isa = PBXFileReference; fileEncoding = 4; lastKnownFileType = text.plist.strings; name = English; path = Interfaces/English.lproj/InfoPlist.strings; sourceTree = SOURCE_ROOT; };
		2A37F4C4FDCFA73011CA2CEA /* AppKit.framework */ = {isa = PBXFileReference; lastKnownFileType = wrapper.framework; name = AppKit.framework; path = /System/Library/Frameworks/AppKit.framework; sourceTree = "<absolute>"; };
		2A37F4C5FDCFA73011CA2CEA /* Foundation.framework */ = {isa = PBXFileReference; lastKnownFileType = wrapper.framework; name = Foundation.framework; path = /System/Library/Frameworks/Foundation.framework; sourceTree = "<absolute>"; };
		4DECC3320EC2A170008D359E /* Sparkle.framework */ = {isa = PBXFileReference; lastKnownFileType = wrapper.framework; name = Sparkle.framework; path = Frameworks/Sparkle.framework; sourceTree = "<group>"; };
		4DECC3330EC2A170008D359E /* MCPKit_bundled.framework */ = {isa = PBXFileReference; lastKnownFileType = wrapper.framework; name = MCPKit_bundled.framework; path = Frameworks/MCPKit_bundled.framework; sourceTree = "<group>"; };
		4DECC3340EC2A170008D359E /* Growl.framework */ = {isa = PBXFileReference; lastKnownFileType = wrapper.framework; name = Growl.framework; path = Frameworks/Growl.framework; sourceTree = "<group>"; };
		8D15AC370486D014006FF6A4 /* Sequel Pro.app */ = {isa = PBXFileReference; explicitFileType = wrapper.application; includeInIndex = 0; path = "Sequel Pro.app"; sourceTree = BUILT_PRODUCTS_DIR; };
		B5E2C5F90F2353B5007446E0 /* TablePropertyIcon.png */ = {isa = PBXFileReference; lastKnownFileType = image.png; path = TablePropertyIcon.png; sourceTree = "<group>"; };
		B5EAC0FC0EC87FF900CC579C /* Security.framework */ = {isa = PBXFileReference; lastKnownFileType = wrapper.framework; name = Security.framework; path = System/Library/Frameworks/Security.framework; sourceTree = SDKROOT; };
/* End PBXFileReference section */

/* Begin PBXFrameworksBuildPhase section */
		8D15AC330486D014006FF6A4 /* Frameworks */ = {
			isa = PBXFrameworksBuildPhase;
			buildActionMask = 2147483647;
			files = (
				8D15AC340486D014006FF6A4 /* Cocoa.framework in Frameworks */,
				4DECC3350EC2A170008D359E /* Sparkle.framework in Frameworks */,
				4DECC3360EC2A170008D359E /* MCPKit_bundled.framework in Frameworks */,
				4DECC3370EC2A170008D359E /* Growl.framework in Frameworks */,
				B5EAC0FD0EC87FF900CC579C /* Security.framework in Frameworks */,
			);
			runOnlyForDeploymentPostprocessing = 0;
		};
/* End PBXFrameworksBuildPhase section */

/* Begin PBXGroup section */
		1058C7A6FEA54F5311CA2CBB /* Linked Frameworks */ = {
			isa = PBXGroup;
			children = (
				4DECC3320EC2A170008D359E /* Sparkle.framework */,
				4DECC3330EC2A170008D359E /* MCPKit_bundled.framework */,
				4DECC3340EC2A170008D359E /* Growl.framework */,
				1058C7A7FEA54F5311CA2CBB /* Cocoa.framework */,
			);
			name = "Linked Frameworks";
			sourceTree = "<group>";
		};
		1058C7A8FEA54F5311CA2CBB /* Other Frameworks */ = {
			isa = PBXGroup;
			children = (
				B5EAC0FC0EC87FF900CC579C /* Security.framework */,
				2A37F4C4FDCFA73011CA2CEA /* AppKit.framework */,
				2A37F4C5FDCFA73011CA2CEA /* Foundation.framework */,
			);
			name = "Other Frameworks";
			sourceTree = "<group>";
		};
		1703EF2A0F0B0742005BBE7E /* english_help */ = {
			isa = PBXGroup;
			children = (
				1703EF2B0F0B0742005BBE7E /* bar.gif */,
				1703EF2C0F0B0742005BBE7E /* english_help idx */,
				1703EF2D0F0B0742005BBE7E /* icon.gif */,
				1703EF2E0F0B0742005BBE7E /* index.html */,
				1703EF2F0F0B0742005BBE7E /* sequel-pro_logo.jpg */,
				1703EF300F0B0742005BBE7E /* topics */,
			);
			name = english_help;
			path = Interfaces/English.lproj/english_help;
			sourceTree = SOURCE_ROOT;
		};
		1703EF300F0B0742005BBE7E /* topics */ = {
			isa = PBXGroup;
			children = (
				1703EF310F0B0742005BBE7E /* bar.gif */,
				1703EF320F0B0742005BBE7E /* connect.html */,
				1703EF330F0B0742005BBE7E /* connect.jpg */,
				1703EF340F0B0742005BBE7E /* console.html */,
				1703EF350F0B0742005BBE7E /* data.html */,
				1703EF360F0B0742005BBE7E /* dump.html */,
				1703EF370F0B0742005BBE7E /* encoding.html */,
				1703EF380F0B0742005BBE7E /* preferences.html */,
				1703EF390F0B0742005BBE7E /* preferences.jpg */,
				1703EF3A0F0B0742005BBE7E /* query.html */,
				1703EF3B0F0B0742005BBE7E /* reference.html */,
				1703EF3C0F0B0742005BBE7E /* sample_query.html */,
				1703EF3D0F0B0742005BBE7E /* sample_tables.html */,
				1703EF3E0F0B0742005BBE7E /* sequel-pro_logo.jpg */,
				1703EF3F0F0B0742005BBE7E /* syntax.html */,
				1703EF400F0B0742005BBE7E /* tables.html */,
			);
			path = topics;
			sourceTree = "<group>";
		};
		1761FD9C0EF0486A00331368 /* Scripts */ = {
			isa = PBXGroup;
			children = (
				1761FD9D0EF0488900331368 /* build-version.pl */,
				178934980F30CDA10097539A /* trim-application.sh */,
			);
			path = Scripts;
			sourceTree = "<group>";
		};
		17E641420EF01E8A001BC333 /* Source */ = {
			isa = PBXGroup;
			children = (
				17E641440EF01EB5001BC333 /* main.m */,
				17E641450EF01EB5001BC333 /* sequel-pro_Prefix.pch */,
				17E641470EF01EB8001BC333 /* Controllers */,
				17E6415D0EF01EF9001BC333 /* Model */,
				17E641670EF01F19001BC333 /* Views */,
				17E6416E0EF01F3B001BC333 /* Other */,
			);
			path = Source;
			sourceTree = "<group>";
		};
		17E641430EF01E90001BC333 /* Resources */ = {
			isa = PBXGroup;
			children = (
				17E6418B0EF01FF7001BC333 /* Images */,
				1703EF2A0F0B0742005BBE7E /* english_help */,
				17E641F60EF02088001BC333 /* Info.plist */,
				17E6423C0EF0218B001BC333 /* InfoPlist.strings */,
				17E642390EF0216C001BC333 /* Credits.rtf */,
				17E641F40EF02088001BC333 /* askForPass.sh */,
				17E641F70EF02088001BC333 /* sequel-pro.scriptSuite */,
				17E641F80EF02088001BC333 /* sequel-pro.scriptTerminology */,
				17E641F50EF02088001BC333 /* Growl Registration Ticket.growlRegDict */,
			);
			path = Resources;
			sourceTree = "<group>";
		};
		17E641470EF01EB8001BC333 /* Controllers */ = {
			isa = PBXGroup;
			children = (
				17E641480EF01EF6001BC333 /* CustomQuery.h */,
				17E641490EF01EF6001BC333 /* CustomQuery.m */,
				17E6414A0EF01EF6001BC333 /* MainController.h */,
				17E6414B0EF01EF6001BC333 /* MainController.m */,
				17E6414C0EF01EF6001BC333 /* SPGrowlController.h */,
				17E6414D0EF01EF6001BC333 /* SPGrowlController.m */,
				17E6414E0EF01EF6001BC333 /* TableContent.h */,
				17E6414F0EF01EF6001BC333 /* TableContent.m */,
				17E641500EF01EF6001BC333 /* TableDocument.h */,
				17E641510EF01EF6001BC333 /* TableDocument.m */,
				17E641520EF01EF6001BC333 /* TableDump.h */,
				17E641530EF01EF6001BC333 /* TableDump.m */,
				17E641540EF01EF6001BC333 /* TableSource.h */,
				17E641550EF01EF6001BC333 /* TableSource.m */,
			);
			name = Controllers;
			sourceTree = "<group>";
		};
		17E6415D0EF01EF9001BC333 /* Model */ = {
			isa = PBXGroup;
			children = (
				17E6415E0EF01F15001BC333 /* SPTableInfo.h */,
				17E6415F0EF01F15001BC333 /* SPTableInfo.m */,
				17E641600EF01F15001BC333 /* TablesList.h */,
				17E641610EF01F15001BC333 /* TablesList.m */,
				17E641620EF01F15001BC333 /* TableStatus.h */,
				17E641630EF01F15001BC333 /* TableStatus.m */,
			);
			name = Model;
			sourceTree = "<group>";
		};
		17E641670EF01F19001BC333 /* Views */ = {
			isa = PBXGroup;
			children = (
				17E641680EF01F37001BC333 /* ImageAndTextCell.h */,
				17E641690EF01F37001BC333 /* ImageAndTextCell.m */,
				17E6416A0EF01F37001BC333 /* TableDocumentSplitView.h */,
				17E6416B0EF01F37001BC333 /* TableDocumentSplitView.m */,
			);
			name = Views;
			sourceTree = "<group>";
		};
		17E6416E0EF01F3B001BC333 /* Other */ = {
			isa = PBXGroup;
			children = (
				1789343A0F30C1DD0097539A /* SPStringAdditions.h */,
				1789343B0F30C1DD0097539A /* SPStringAdditions.m */,
				17E6416F0EF01F4C001BC333 /* Keychain */,
				17E641700EF01F52001BC333 /* MCPKit */,
				17E641710EF01F5C001BC333 /* GUI */,
				17E641720EF01F6B001BC333 /* SSHTunnel */,
			);
			name = Other;
			sourceTree = "<group>";
		};
		17E6416F0EF01F4C001BC333 /* Keychain */ = {
			isa = PBXGroup;
			children = (
				17E641730EF01F80001BC333 /* KeyChain.h */,
				17E641740EF01F80001BC333 /* KeyChain.m */,
			);
			name = Keychain;
			sourceTree = "<group>";
		};
		17E641700EF01F52001BC333 /* MCPKit */ = {
			isa = PBXGroup;
			children = (
				17E641760EF01F95001BC333 /* CMMCPConnection.h */,
				17E641770EF01F95001BC333 /* CMMCPConnection.m */,
				17E641780EF01F95001BC333 /* CMMCPResult.h */,
				17E641790EF01F95001BC333 /* CMMCPResult.m */,
			);
			name = MCPKit;
			sourceTree = "<group>";
		};
		17E641710EF01F5C001BC333 /* GUI */ = {
			isa = PBXGroup;
			children = (
				17E6417C0EF01FA8001BC333 /* CMCopyTable.h */,
				17E6417D0EF01FA8001BC333 /* CMCopyTable.m */,
				17E6417E0EF01FA8001BC333 /* CMImageView.h */,
				17E6417F0EF01FA8001BC333 /* CMImageView.m */,
				17E641800EF01FA8001BC333 /* CMTextView.h */,
				17E641810EF01FA8001BC333 /* CMTextView.m */,
			);
			name = GUI;
			sourceTree = "<group>";
		};
		17E641720EF01F6B001BC333 /* SSHTunnel */ = {
			isa = PBXGroup;
			children = (
				17E641850EF01FB4001BC333 /* SSHTunnel.h */,
				17E641860EF01FB4001BC333 /* SSHTunnel.m */,
			);
			name = SSHTunnel;
			sourceTree = "<group>";
		};
		17E6418B0EF01FF7001BC333 /* Images */ = {
			isa = PBXGroup;
			children = (
				17E6418C0EF02036001BC333 /* appicon.icns */,
				B5E2C5F90F2353B5007446E0 /* TablePropertyIcon.png */,
				17E6418D0EF02036001BC333 /* clearconsole.tiff */,
				17E6418F0EF02036001BC333 /* columnadd.tiff */,
				17E641900EF02036001BC333 /* columncopy.tiff */,
				17E641910EF02036001BC333 /* columndelete.tiff */,
				17E641920EF02036001BC333 /* columnrefresh.tiff */,
				17E641930EF02036001BC333 /* connectionadd.tiff */,
				17E641940EF02036001BC333 /* connectioncopy.tiff */,
				17E641950EF02036001BC333 /* connectiondelete.tiff */,
				17E641960EF02036001BC333 /* connectionrefresh.tiff */,
				17E641970EF02036001BC333 /* createtablesyntax.tiff */,
				17E641980EF02036001BC333 /* databases.tiff */,
				17E641990EF02036001BC333 /* dbadd.tiff */,
				17E6419A0EF02036001BC333 /* dbdelete.tiff */,
				17E6419B0EF02036001BC333 /* dbrefresh.tiff */,
				17E6419C0EF02036001BC333 /* flushprivileges.tiff */,
				17E6419D0EF02036001BC333 /* grabber-horizontal.png */,
				17E6419E0EF02036001BC333 /* grabber-vertical.png */,
				17E6419F0EF02036001BC333 /* hideconsole.tiff */,
				17E641A00EF02036001BC333 /* indexadd.tiff */,
				17E641A10EF02036001BC333 /* indexdelete.tiff */,
				17E641A20EF02036001BC333 /* logo-48.png */,
				17E641A30EF02036001BC333 /* optimizetable.tiff */,
				17E641A40EF02036001BC333 /* query.tiff */,
				17E641A50EF02036001BC333 /* queryadd.tiff */,
				17E641A60EF02036001BC333 /* querycopy.tiff */,
				17E641A70EF02036001BC333 /* querydelete.tiff */,
				17E641A80EF02036001BC333 /* queryrefresh.tiff */,
				17E641A90EF02036001BC333 /* reload.tiff */,
				17E641AA0EF02036001BC333 /* rowadd.tiff */,
				17E641AB0EF02036001BC333 /* rowcopy.tiff */,
				17E641AC0EF02036001BC333 /* rowdelete.tiff */,
				17E641AD0EF02036001BC333 /* rowrefresh.tiff */,
				17E641AE0EF02036001BC333 /* selectall.tiff */,
				17E641AF0EF02036001BC333 /* selectnone.tiff */,
				17E641B00EF02036001BC333 /* sheettotable.tiff */,
				17E641B10EF02036001BC333 /* showconsole.tiff */,
				17E641B20EF02036001BC333 /* showvariables.tiff */,
				17E641B30EF02036001BC333 /* spyglass.tiff */,
				17E641B40EF02036001BC333 /* table-small.tif */,
				17E641B50EF02036001BC333 /* tableadd.tiff */,
				17E641B60EF02036001BC333 /* tablecopy.tiff */,
				17E641B70EF02036001BC333 /* tabledelete.tiff */,
				17E641B80EF02036001BC333 /* tablerefresh.tiff */,
				17E641B90EF02036001BC333 /* tables.tiff */,
				17E641BA0EF02036001BC333 /* tabletosheet.tiff */,
				17E641BB0EF02036001BC333 /* textencode.tiff */,
				17E641BC0EF02036001BC333 /* toolbar-switch-to-browse.png */,
				17E641BD0EF02036001BC333 /* toolbar-switch-to-sql.png */,
				17E641BE0EF02036001BC333 /* toolbar-switch-to-structure.png */,
				17E641BF0EF02036001BC333 /* toolbar-switch-to-table-info.png */,
			);
			path = Images;
			sourceTree = "<group>";
		};
		17E642050EF020A3001BC333 /* Interfaces */ = {
			isa = PBXGroup;
			children = (
				17E642060EF020CB001BC333 /* DBView.xib */,
				1761FD460EF03A6F00331368 /* MainMenu.xib */,
			);
			path = Interfaces;
			sourceTree = "<group>";
		};
		19C28FB0FE9D524F11CA2CBB /* Products */ = {
			isa = PBXGroup;
			children = (
				8D15AC370486D014006FF6A4 /* Sequel Pro.app */,
			);
			name = Products;
			sourceTree = "<group>";
		};
		2A37F4AAFDCFA73011CA2CEA /* sequel-pro */ = {
			isa = PBXGroup;
			children = (
				17E641420EF01E8A001BC333 /* Source */,
				17E642050EF020A3001BC333 /* Interfaces */,
				17E641430EF01E90001BC333 /* Resources */,
				1761FD9C0EF0486A00331368 /* Scripts */,
				2A37F4C3FDCFA73011CA2CEA /* Frameworks */,
				19C28FB0FE9D524F11CA2CBB /* Products */,
			);
			name = "sequel-pro";
			sourceTree = "<group>";
		};
		2A37F4C3FDCFA73011CA2CEA /* Frameworks */ = {
			isa = PBXGroup;
			children = (
				1058C7A6FEA54F5311CA2CBB /* Linked Frameworks */,
				1058C7A8FEA54F5311CA2CBB /* Other Frameworks */,
			);
			name = Frameworks;
			sourceTree = "<group>";
		};
/* End PBXGroup section */

/* Begin PBXNativeTarget section */
		8D15AC270486D014006FF6A4 /* Sequel Pro */ = {
			isa = PBXNativeTarget;
			buildConfigurationList = C05733C708A9546B00998B17 /* Build configuration list for PBXNativeTarget "Sequel Pro" */;
			buildPhases = (
				8D15AC2B0486D014006FF6A4 /* Resources */,
				8D15AC300486D014006FF6A4 /* Sources */,
				8D15AC330486D014006FF6A4 /* Frameworks */,
				4DECC4940EC2B447008D359E /* CopyFiles */,
				1761FDAF0EF0496500331368 /* Run Scripts */,
			);
			buildRules = (
			);
			dependencies = (
			);
			name = "Sequel Pro";
			productInstallPath = "$(HOME)/Applications";
			productName = "sequel-pro";
			productReference = 8D15AC370486D014006FF6A4 /* Sequel Pro.app */;
			productType = "com.apple.product-type.application";
		};
/* End PBXNativeTarget section */

/* Begin PBXProject section */
		2A37F4A9FDCFA73011CA2CEA /* Project object */ = {
			isa = PBXProject;
			buildConfigurationList = C05733CB08A9546B00998B17 /* Build configuration list for PBXProject "sequel-pro" */;
			compatibilityVersion = "Xcode 3.1";
			hasScannedForEncodings = 1;
			mainGroup = 2A37F4AAFDCFA73011CA2CEA /* sequel-pro */;
			projectDirPath = "";
			projectRoot = "";
			targets = (
				8D15AC270486D014006FF6A4 /* Sequel Pro */,
			);
		};
/* End PBXProject section */

/* Begin PBXResourcesBuildPhase section */
		8D15AC2B0486D014006FF6A4 /* Resources */ = {
			isa = PBXResourcesBuildPhase;
			buildActionMask = 2147483647;
			files = (
				17E641C00EF02036001BC333 /* appicon.icns in Resources */,
				17E641C10EF02036001BC333 /* clearconsole.tiff in Resources */,
				17E641C30EF02036001BC333 /* columnadd.tiff in Resources */,
				17E641C40EF02036001BC333 /* columncopy.tiff in Resources */,
				17E641C50EF02036001BC333 /* columndelete.tiff in Resources */,
				17E641C60EF02036001BC333 /* columnrefresh.tiff in Resources */,
				17E641C70EF02036001BC333 /* connectionadd.tiff in Resources */,
				17E641C80EF02036001BC333 /* connectioncopy.tiff in Resources */,
				17E641C90EF02036001BC333 /* connectiondelete.tiff in Resources */,
				17E641CA0EF02036001BC333 /* connectionrefresh.tiff in Resources */,
				17E641CB0EF02036001BC333 /* createtablesyntax.tiff in Resources */,
				17E641CC0EF02036001BC333 /* databases.tiff in Resources */,
				17E641CD0EF02036001BC333 /* dbadd.tiff in Resources */,
				17E641CE0EF02036001BC333 /* dbdelete.tiff in Resources */,
				17E641CF0EF02036001BC333 /* dbrefresh.tiff in Resources */,
				17E641D00EF02036001BC333 /* flushprivileges.tiff in Resources */,
				17E641D10EF02036001BC333 /* grabber-horizontal.png in Resources */,
				17E641D20EF02036001BC333 /* grabber-vertical.png in Resources */,
				17E641D30EF02036001BC333 /* hideconsole.tiff in Resources */,
				17E641D40EF02036001BC333 /* indexadd.tiff in Resources */,
				17E641D50EF02036001BC333 /* indexdelete.tiff in Resources */,
				17E641D60EF02036001BC333 /* logo-48.png in Resources */,
				17E641D70EF02036001BC333 /* optimizetable.tiff in Resources */,
				17E641D80EF02036001BC333 /* query.tiff in Resources */,
				17E641D90EF02036001BC333 /* queryadd.tiff in Resources */,
				17E641DA0EF02036001BC333 /* querycopy.tiff in Resources */,
				17E641DB0EF02036001BC333 /* querydelete.tiff in Resources */,
				17E641DC0EF02036001BC333 /* queryrefresh.tiff in Resources */,
				17E641DD0EF02036001BC333 /* reload.tiff in Resources */,
				17E641DE0EF02036001BC333 /* rowadd.tiff in Resources */,
				17E641DF0EF02036001BC333 /* rowcopy.tiff in Resources */,
				17E641E00EF02036001BC333 /* rowdelete.tiff in Resources */,
				17E641E10EF02036001BC333 /* rowrefresh.tiff in Resources */,
				17E641E20EF02036001BC333 /* selectall.tiff in Resources */,
				17E641E30EF02036001BC333 /* selectnone.tiff in Resources */,
				17E641E40EF02036001BC333 /* sheettotable.tiff in Resources */,
				17E641E50EF02036001BC333 /* showconsole.tiff in Resources */,
				17E641E60EF02036001BC333 /* showvariables.tiff in Resources */,
				17E641E70EF02036001BC333 /* spyglass.tiff in Resources */,
				17E641E80EF02036001BC333 /* table-small.tif in Resources */,
				17E641E90EF02036001BC333 /* tableadd.tiff in Resources */,
				17E641EA0EF02036001BC333 /* tablecopy.tiff in Resources */,
				17E641EB0EF02036001BC333 /* tabledelete.tiff in Resources */,
				17E641EC0EF02036001BC333 /* tablerefresh.tiff in Resources */,
				17E641ED0EF02036001BC333 /* tables.tiff in Resources */,
				17E641EE0EF02036001BC333 /* tabletosheet.tiff in Resources */,
				17E641EF0EF02036001BC333 /* textencode.tiff in Resources */,
				17E641F00EF02036001BC333 /* toolbar-switch-to-browse.png in Resources */,
				17E641F10EF02036001BC333 /* toolbar-switch-to-sql.png in Resources */,
				17E641F20EF02036001BC333 /* toolbar-switch-to-structure.png in Resources */,
				17E641F30EF02036001BC333 /* toolbar-switch-to-table-info.png in Resources */,
				17E6420A0EF020CB001BC333 /* DBView.xib in Resources */,
				17E641F90EF02088001BC333 /* askForPass.sh in Resources */,
				17E641FA0EF02088001BC333 /* Growl Registration Ticket.growlRegDict in Resources */,
				17E641FC0EF02088001BC333 /* sequel-pro.scriptSuite in Resources */,
				17E641FD0EF02088001BC333 /* sequel-pro.scriptTerminology in Resources */,
				17E6423B0EF0216C001BC333 /* Credits.rtf in Resources */,
				17E6423E0EF0218B001BC333 /* InfoPlist.strings in Resources */,
				1761FD480EF03A6F00331368 /* MainMenu.xib in Resources */,
				B5E2C5FA0F2353B5007446E0 /* TablePropertyIcon.png in Resources */,
			);
			runOnlyForDeploymentPostprocessing = 0;
		};
/* End PBXResourcesBuildPhase section */

/* Begin PBXShellScriptBuildPhase section */
		1761FDAF0EF0496500331368 /* Run Scripts */ = {
			isa = PBXShellScriptBuildPhase;
			buildActionMask = 2147483647;
			files = (
			);
			inputPaths = (
			);
			name = "Run Scripts";
			outputPaths = (
			);
			runOnlyForDeploymentPostprocessing = 0;
			shellPath = /bin/sh;
			shellScript = "# Add build/bundle version\n${SRCROOT}/Scripts/build-version.pl\n\n# Trim application if release build\nif [ \"$CONFIGURATION\" == 'Release' ]\nthen\n\t\"${SRCROOT}/Scripts/trim-application.sh\" -p \"${BUILT_PRODUCTS_DIR}/${TARGET_NAME}${WRAPPER_SUFFIX}\" -a\nfi";
		};
/* End PBXShellScriptBuildPhase section */

/* Begin PBXSourcesBuildPhase section */
		8D15AC300486D014006FF6A4 /* Sources */ = {
			isa = PBXSourcesBuildPhase;
			buildActionMask = 2147483647;
			files = (
				17E641460EF01EB5001BC333 /* main.m in Sources */,
				17E641560EF01EF6001BC333 /* CustomQuery.m in Sources */,
				17E641570EF01EF6001BC333 /* MainController.m in Sources */,
				17E641580EF01EF6001BC333 /* SPGrowlController.m in Sources */,
				17E641590EF01EF6001BC333 /* TableContent.m in Sources */,
				17E6415A0EF01EF6001BC333 /* TableDocument.m in Sources */,
				17E6415B0EF01EF6001BC333 /* TableDump.m in Sources */,
				17E6415C0EF01EF6001BC333 /* TableSource.m in Sources */,
				17E641640EF01F15001BC333 /* SPTableInfo.m in Sources */,
				17E641650EF01F15001BC333 /* TablesList.m in Sources */,
				17E641660EF01F15001BC333 /* TableStatus.m in Sources */,
				17E6416C0EF01F37001BC333 /* ImageAndTextCell.m in Sources */,
				17E6416D0EF01F37001BC333 /* TableDocumentSplitView.m in Sources */,
				17E641750EF01F80001BC333 /* KeyChain.m in Sources */,
				17E6417A0EF01F95001BC333 /* CMMCPConnection.m in Sources */,
				17E6417B0EF01F95001BC333 /* CMMCPResult.m in Sources */,
				17E641820EF01FA8001BC333 /* CMCopyTable.m in Sources */,
				17E641830EF01FA8001BC333 /* CMImageView.m in Sources */,
				17E641840EF01FA8001BC333 /* CMTextView.m in Sources */,
				17E641890EF01FB4001BC333 /* SSHTunnel.m in Sources */,
				1789343C0F30C1DD0097539A /* SPStringAdditions.m in Sources */,
			);
			runOnlyForDeploymentPostprocessing = 0;
		};
/* End PBXSourcesBuildPhase section */

/* Begin PBXVariantGroup section */
		1761FD460EF03A6F00331368 /* MainMenu.xib */ = {
			isa = PBXVariantGroup;
			children = (
				1761FD470EF03A6F00331368 /* English */,
			);
			name = MainMenu.xib;
			sourceTree = "<group>";
		};
		17E642060EF020CB001BC333 /* DBView.xib */ = {
			isa = PBXVariantGroup;
			children = (
				17E642070EF020CB001BC333 /* English */,
			);
			name = DBView.xib;
			sourceTree = "<group>";
		};
		17E642390EF0216C001BC333 /* Credits.rtf */ = {
			isa = PBXVariantGroup;
			children = (
				17E6423A0EF0216C001BC333 /* English */,
			);
			name = Credits.rtf;
			sourceTree = "<group>";
		};
		17E6423C0EF0218B001BC333 /* InfoPlist.strings */ = {
			isa = PBXVariantGroup;
			children = (
				17E6423D0EF0218B001BC333 /* English */,
			);
			name = InfoPlist.strings;
			sourceTree = "<group>";
		};
/* End PBXVariantGroup section */

/* Begin XCBuildConfiguration section */
		C05733C808A9546B00998B17 /* Debug */ = {
			isa = XCBuildConfiguration;
			buildSettings = {
				ALWAYS_SEARCH_USER_PATHS = NO;
				COPY_PHASE_STRIP = NO;
				FRAMEWORK_SEARCH_PATHS = (
					"\"$(SRCROOT)/Frameworks\"",
					"$(inherited)",
					"\"$(SRCROOT)\"",
				);
				GCC_DYNAMIC_NO_PIC = NO;
				GCC_ENABLE_FIX_AND_CONTINUE = YES;
				GCC_MODEL_TUNING = G5;
				GCC_OPTIMIZATION_LEVEL = 0;
				GCC_PRECOMPILE_PREFIX_HEADER = YES;
				GCC_PREFIX_HEADER = "Source/sequel-pro_Prefix.pch";
				INFOPLIST_FILE = Resources/Info.plist;
				INSTALL_PATH = "$(HOME)/Applications";
				PRODUCT_NAME = "Sequel Pro";
			};
			name = Debug;
		};
		C05733C908A9546B00998B17 /* Release */ = {
			isa = XCBuildConfiguration;
			buildSettings = {
				ALWAYS_SEARCH_USER_PATHS = NO;
				DEBUG_INFORMATION_FORMAT = "dwarf-with-dsym";
				FRAMEWORK_SEARCH_PATHS = (
					"\"$(SRCROOT)/Frameworks\"",
					"$(inherited)",
					"\"$(SRCROOT)\"",
				);
				GCC_MODEL_TUNING = G5;
				GCC_PRECOMPILE_PREFIX_HEADER = YES;
				GCC_PREFIX_HEADER = "Source/sequel-pro_Prefix.pch";
				INFOPLIST_FILE = Resources/Info.plist;
				INSTALL_PATH = "$(HOME)/Applications";
				PRODUCT_NAME = "Sequel Pro";
			};
			name = Release;
		};
		C05733CC08A9546B00998B17 /* Debug */ = {
			isa = XCBuildConfiguration;
			buildSettings = {
				ARCHS = "$(ARCHS_STANDARD_32_BIT)";
				GCC_C_LANGUAGE_STANDARD = c99;
				GCC_OPTIMIZATION_LEVEL = 0;
				GCC_WARN_ABOUT_RETURN_TYPE = YES;
				GCC_WARN_UNUSED_VARIABLE = YES;
				IBC_FLATTEN_NIBS = NO;
				ONLY_ACTIVE_ARCH = YES;
				PREBINDING = NO;
				SDKROOT = macosx10.4;
			};
			name = Debug;
		};
		C05733CD08A9546B00998B17 /* Release */ = {
			isa = XCBuildConfiguration;
			buildSettings = {
				ARCHS = "$(ARCHS_STANDARD_32_BIT)";
				GCC_C_LANGUAGE_STANDARD = c99;
				GCC_WARN_ABOUT_RETURN_TYPE = YES;
				GCC_WARN_UNUSED_VARIABLE = YES;
				PREBINDING = NO;
				SDKROOT = macosx10.4;
			};
			name = Release;
		};
/* End XCBuildConfiguration section */

/* Begin XCConfigurationList section */
		C05733C708A9546B00998B17 /* Build configuration list for PBXNativeTarget "Sequel Pro" */ = {
			isa = XCConfigurationList;
			buildConfigurations = (
				C05733C808A9546B00998B17 /* Debug */,
				C05733C908A9546B00998B17 /* Release */,
			);
			defaultConfigurationIsVisible = 0;
			defaultConfigurationName = Release;
		};
		C05733CB08A9546B00998B17 /* Build configuration list for PBXProject "sequel-pro" */ = {
			isa = XCConfigurationList;
			buildConfigurations = (
				C05733CC08A9546B00998B17 /* Debug */,
				C05733CD08A9546B00998B17 /* Release */,
			);
			defaultConfigurationIsVisible = 0;
			defaultConfigurationName = Release;
		};
/* End XCConfigurationList section */
	};
	rootObject = 2A37F4A9FDCFA73011CA2CEA /* Project object */;
}
